// !$*UTF8*$!
{
	archiveVersion = 1;
	classes = {
	};
	objectVersion = 46;
	objects = {

/* Begin PBXBuildFile section */
		20015A901A15051000CDCF6F /* MGYRiceBoxingViewController.m in Sources */ = {isa = PBXBuildFile; fileRef = 20015A8F1A15051000CDCF6F /* MGYRiceBoxingViewController.m */; };
		20015A931A15055800CDCF6F /* MGYBoxingRecord.m in Sources */ = {isa = PBXBuildFile; fileRef = 20015A921A15055800CDCF6F /* MGYBoxingRecord.m */; };
		20015A961A15976200CDCF6F /* MGYGetRiceDataManager.m in Sources */ = {isa = PBXBuildFile; fileRef = 20015A951A15976200CDCF6F /* MGYGetRiceDataManager.m */; };
		20015A9C1A159CD100CDCF6F /* Monster.plist in Resources */ = {isa = PBXBuildFile; fileRef = 20015A9B1A159CD100CDCF6F /* Monster.plist */; };
		20015AA71A15E40B00CDCF6F /* MGYAccelerometer.m in Sources */ = {isa = PBXBuildFile; fileRef = 20015AA61A15E40B00CDCF6F /* MGYAccelerometer.m */; };
		20015AAD1A163E6800CDCF6F /* MGYRiceBoxingDetailsViewController.m in Sources */ = {isa = PBXBuildFile; fileRef = 20015AAC1A163E6800CDCF6F /* MGYRiceBoxingDetailsViewController.m */; };
		20015AB01A1741CA00CDCF6F /* MGYRiceBoxingDetailsTableViewCell.m in Sources */ = {isa = PBXBuildFile; fileRef = 20015AAF1A1741CA00CDCF6F /* MGYRiceBoxingDetailsTableViewCell.m */; };
		20015AB21A19CD5000CDCF6F /* Security.framework in Frameworks */ = {isa = PBXBuildFile; fileRef = 20015AB11A19CD5000CDCF6F /* Security.framework */; };
		20015AB51A19EDA500CDCF6F /* MGYRiceMoveDailyView.m in Sources */ = {isa = PBXBuildFile; fileRef = 20015AB41A19EDA500CDCF6F /* MGYRiceMoveDailyView.m */; };
		20015ABB1A1A192500CDCF6F /* MGYRiceMoveTableViewCell.m in Sources */ = {isa = PBXBuildFile; fileRef = 20015ABA1A1A192500CDCF6F /* MGYRiceMoveTableViewCell.m */; };
		20015ABF1A1A205E00CDCF6F /* MGYRiceMoveTableViewController.m in Sources */ = {isa = PBXBuildFile; fileRef = 20015ABE1A1A205E00CDCF6F /* MGYRiceMoveTableViewController.m */; };
		20015AC21A1A24AF00CDCF6F /* MGYRiceMoveContentTableViewCell.m in Sources */ = {isa = PBXBuildFile; fileRef = 20015AC11A1A24AF00CDCF6F /* MGYRiceMoveContentTableViewCell.m */; };
		20015AC51A1A24CB00CDCF6F /* MGYRiceMoveSelectTableViewCell.m in Sources */ = {isa = PBXBuildFile; fileRef = 20015AC41A1A24CB00CDCF6F /* MGYRiceMoveSelectTableViewCell.m */; };
		20015AC81A1AEB4400CDCF6F /* MGYHelpView.m in Sources */ = {isa = PBXBuildFile; fileRef = 20015AC71A1AEB4400CDCF6F /* MGYHelpView.m */; };
		201EFE1D19E3B9B700B14853 /* MGYMiChatDetailsViewController.m in Sources */ = {isa = PBXBuildFile; fileRef = 201EFE1C19E3B9B700B14853 /* MGYMiChatDetailsViewController.m */; };
		201EFE2019E5268600B14853 /* MGYMiChatProgressView.m in Sources */ = {isa = PBXBuildFile; fileRef = 201EFE1F19E5268600B14853 /* MGYMiChatProgressView.m */; };
		201EFE2319E6257600B14853 /* MGYMiChatRecord.m in Sources */ = {isa = PBXBuildFile; fileRef = 201EFE2219E6257600B14853 /* MGYMiChatRecord.m */; };
		201EFE2619E66DE100B14853 /* MGYMiChatMonsterTableViewCell.m in Sources */ = {isa = PBXBuildFile; fileRef = 201EFE2519E66DE100B14853 /* MGYMiChatMonsterTableViewCell.m */; };
		201EFE2A19E9098100B14853 /* MGYShare.m in Sources */ = {isa = PBXBuildFile; fileRef = 201EFE2919E9098100B14853 /* MGYShare.m */; };
		201EFE2E19EC35DB00B14853 /* MGYMiChatMonsterView.m in Sources */ = {isa = PBXBuildFile; fileRef = 201EFE2D19EC35DB00B14853 /* MGYMiChatMonsterView.m */; };
		201EFE3A19ED55AA00B14853 /* InfoPlist.strings in Resources */ = {isa = PBXBuildFile; fileRef = 201EFE3619ED55AA00B14853 /* InfoPlist.strings */; };
		201EFE3B19ED55AA00B14853 /* Localizable.strings in Resources */ = {isa = PBXBuildFile; fileRef = 201EFE3819ED55AA00B14853 /* Localizable.strings */; };
		201EFE3E19EF98E200B14853 /* MGYMiChatPhoneListView.m in Sources */ = {isa = PBXBuildFile; fileRef = 201EFE3D19EF98E200B14853 /* MGYMiChatPhoneListView.m */; };
		201EFE5219F2247800B14853 /* SDTableViewCell.m in Sources */ = {isa = PBXBuildFile; fileRef = 201EFE4F19F2247800B14853 /* SDTableViewCell.m */; };
		201EFE5319F2247800B14853 /* SDViewController.m in Sources */ = {isa = PBXBuildFile; fileRef = 201EFE5119F2247800B14853 /* SDViewController.m */; };
		202E2A8A19D8F940000E072B /* MGYMiZhiViewController.m in Sources */ = {isa = PBXBuildFile; fileRef = 202E2A8919D8F940000E072B /* MGYMiZhiViewController.m */; };
		202E2A8D19D910D9000E072B /* MGYMiZhi.m in Sources */ = {isa = PBXBuildFile; fileRef = 202E2A8C19D910D9000E072B /* MGYMiZhi.m */; };
		202E2A9119D934EE000E072B /* MGYMiChatViewController.m in Sources */ = {isa = PBXBuildFile; fileRef = 202E2A9019D934EE000E072B /* MGYMiChatViewController.m */; };
		202E2A9A19D9620A000E072B /* MGYMiZhiTableViewCell.m in Sources */ = {isa = PBXBuildFile; fileRef = 202E2A9919D9620A000E072B /* MGYMiZhiTableViewCell.m */; };
		202E2A9D19DA84A5000E072B /* MGYSubViewController.m in Sources */ = {isa = PBXBuildFile; fileRef = 202E2A9C19DA84A5000E072B /* MGYSubViewController.m */; };
		202E2AA019DA86F2000E072B /* MGYMiChatTableViewCell.m in Sources */ = {isa = PBXBuildFile; fileRef = 202E2A9F19DA86F2000E072B /* MGYMiChatTableViewCell.m */; };
		202E2AA319DA9E01000E072B /* MGYMiChatLabelView.m in Sources */ = {isa = PBXBuildFile; fileRef = 202E2AA219DA9E01000E072B /* MGYMiChatLabelView.m */; };
		202E2AA619E2E4D4000E072B /* MGYMiChatPickerView.m in Sources */ = {isa = PBXBuildFile; fileRef = 202E2AA519E2E4D4000E072B /* MGYMiChatPickerView.m */; };
		202E3F9A19C6CE4500E58B4E /* MGYPersonalDetails.m in Sources */ = {isa = PBXBuildFile; fileRef = 202E3F9919C6CE4500E58B4E /* MGYPersonalDetails.m */; };
		202E3FA119C739FD00E58B4E /* MGYGetRiceViewController.m in Sources */ = {isa = PBXBuildFile; fileRef = 202E3FA019C739FC00E58B4E /* MGYGetRiceViewController.m */; };
		203A4BC11A1B264800D14BF8 /* MGYBorderHelpView.m in Sources */ = {isa = PBXBuildFile; fileRef = 203A4BC01A1B264800D14BF8 /* MGYBorderHelpView.m */; };
		203A4BC41A1B6ECB00D14BF8 /* MGYRiceMoveLevelRecord.m in Sources */ = {isa = PBXBuildFile; fileRef = 203A4BC31A1B6ECB00D14BF8 /* MGYRiceMoveLevelRecord.m */; };
		203D138D1A039B18005A49B2 /* MGYRiceMoveProgressView.m in Sources */ = {isa = PBXBuildFile; fileRef = 203D138C1A039B18005A49B2 /* MGYRiceMoveProgressView.m */; };
		203D13901A06195F005A49B2 /* MGYTotalWalk.m in Sources */ = {isa = PBXBuildFile; fileRef = 203D138F1A06195F005A49B2 /* MGYTotalWalk.m */; };
		203D13931A0711C5005A49B2 /* MGYRiceMoveProgressSubView.m in Sources */ = {isa = PBXBuildFile; fileRef = 203D13921A0711C5005A49B2 /* MGYRiceMoveProgressSubView.m */; };
		203D13961A072B72005A49B2 /* MGYRiceMoveDetailsViewController.m in Sources */ = {isa = PBXBuildFile; fileRef = 203D13951A072B72005A49B2 /* MGYRiceMoveDetailsViewController.m */; };
		203D13991A072DD8005A49B2 /* MGYRiceMoveMapTableViewCell.m in Sources */ = {isa = PBXBuildFile; fileRef = 203D13981A072DD8005A49B2 /* MGYRiceMoveMapTableViewCell.m */; };
		203D139C1A075977005A49B2 /* MGYStory.m in Sources */ = {isa = PBXBuildFile; fileRef = 203D139B1A075977005A49B2 /* MGYStory.m */; };
		203D139F1A07617B005A49B2 /* MGYRiceMoveDetailsTableViewCell.m in Sources */ = {isa = PBXBuildFile; fileRef = 203D139E1A07617B005A49B2 /* MGYRiceMoveDetailsTableViewCell.m */; };
		203D13A21A08F216005A49B2 /* MGYRiceMoveContentViewController.m in Sources */ = {isa = PBXBuildFile; fileRef = 203D13A11A08F216005A49B2 /* MGYRiceMoveContentViewController.m */; };
		203D13A51A0A1710005A49B2 /* MGYStoryContentView.m in Sources */ = {isa = PBXBuildFile; fileRef = 203D13A41A0A1710005A49B2 /* MGYStoryContentView.m */; };
		203D13A81A0A75FE005A49B2 /* MGYRiceMoveEquipView.m in Sources */ = {isa = PBXBuildFile; fileRef = 203D13A71A0A75FE005A49B2 /* MGYRiceMoveEquipView.m */; };
		203D13AA1A0B702B005A49B2 /* story4.plist in Resources */ = {isa = PBXBuildFile; fileRef = 203D13A91A0B702B005A49B2 /* story4.plist */; };
		203D13AC1A0C7B66005A49B2 /* story5.plist in Resources */ = {isa = PBXBuildFile; fileRef = 203D13AB1A0C7B66005A49B2 /* story5.plist */; };
		203D13AE1A0CB030005A49B2 /* story6.plist in Resources */ = {isa = PBXBuildFile; fileRef = 203D13AD1A0CB030005A49B2 /* story6.plist */; };
		203D13B01A0CBA5B005A49B2 /* story7.plist in Resources */ = {isa = PBXBuildFile; fileRef = 203D13AF1A0CBA5B005A49B2 /* story7.plist */; };
		203D13B21A0CBD02005A49B2 /* story8.plist in Resources */ = {isa = PBXBuildFile; fileRef = 203D13B11A0CBD02005A49B2 /* story8.plist */; };
		203D14061A111101005A49B2 /* MGYRiceMoveSelectViewController.m in Sources */ = {isa = PBXBuildFile; fileRef = 203D14041A111101005A49B2 /* MGYRiceMoveSelectViewController.m */; };
		203D14071A111101005A49B2 /* MGYRiceMoveSelectViewController.xib in Resources */ = {isa = PBXBuildFile; fileRef = 203D14051A111101005A49B2 /* MGYRiceMoveSelectViewController.xib */; };
		203D636719CAC7E800116ECA /* MGYDetailsViewController.m in Sources */ = {isa = PBXBuildFile; fileRef = 203D636619CAC7E800116ECA /* MGYDetailsViewController.m */; };
		203D637019CB027D00116ECA /* InfoPlist.strings in Resources */ = {isa = PBXBuildFile; fileRef = 203D636C19CB027D00116ECA /* InfoPlist.strings */; };
		203D637119CB027D00116ECA /* Localizable.strings in Resources */ = {isa = PBXBuildFile; fileRef = 203D636E19CB027D00116ECA /* Localizable.strings */; };
		2085C85619B6280C00E9FA3B /* Foundation.framework in Frameworks */ = {isa = PBXBuildFile; fileRef = 2085C85519B6280C00E9FA3B /* Foundation.framework */; };
		2085C85819B6280C00E9FA3B /* CoreGraphics.framework in Frameworks */ = {isa = PBXBuildFile; fileRef = 2085C85719B6280C00E9FA3B /* CoreGraphics.framework */; };
		2085C85A19B6280C00E9FA3B /* UIKit.framework in Frameworks */ = {isa = PBXBuildFile; fileRef = 2085C85919B6280C00E9FA3B /* UIKit.framework */; };
		2085C86219B6280C00E9FA3B /* main.m in Sources */ = {isa = PBXBuildFile; fileRef = 2085C86119B6280C00E9FA3B /* main.m */; };
		2085C86619B6280C00E9FA3B /* AppDelegate.m in Sources */ = {isa = PBXBuildFile; fileRef = 2085C86519B6280C00E9FA3B /* AppDelegate.m */; };
		2085C86F19B6280D00E9FA3B /* XCTest.framework in Frameworks */ = {isa = PBXBuildFile; fileRef = 2085C86E19B6280D00E9FA3B /* XCTest.framework */; };
		2085C87019B6280D00E9FA3B /* Foundation.framework in Frameworks */ = {isa = PBXBuildFile; fileRef = 2085C85519B6280C00E9FA3B /* Foundation.framework */; };
		2085C87119B6280D00E9FA3B /* UIKit.framework in Frameworks */ = {isa = PBXBuildFile; fileRef = 2085C85919B6280C00E9FA3B /* UIKit.framework */; };
		2085C87B19B6280D00E9FA3B /* MiGongYiTests.m in Sources */ = {isa = PBXBuildFile; fileRef = 2085C87A19B6280D00E9FA3B /* MiGongYiTests.m */; };
		2087137919CEA5200035B21B /* MGYProjectDetails.m in Sources */ = {isa = PBXBuildFile; fileRef = 2087137819CEA5200035B21B /* MGYProjectDetails.m */; };
		2087137C19CFD38B0035B21B /* MGYProjectDetailsTableViewCell.m in Sources */ = {isa = PBXBuildFile; fileRef = 2087137B19CFD38B0035B21B /* MGYProjectDetailsTableViewCell.m */; };
		2087137F19CFF4670035B21B /* MGYDetailsRelationshipView.m in Sources */ = {isa = PBXBuildFile; fileRef = 2087137E19CFF4670035B21B /* MGYDetailsRelationshipView.m */; };
		2087138519D071930035B21B /* MGYDetailsIconListView.m in Sources */ = {isa = PBXBuildFile; fileRef = 2087138419D071930035B21B /* MGYDetailsIconListView.m */; };
		2087138819D15D170035B21B /* MGYProjectDevelopmentsTableViewCell.m in Sources */ = {isa = PBXBuildFile; fileRef = 2087138719D15D170035B21B /* MGYProjectDevelopmentsTableViewCell.m */; };
		2087138B19D17D0B0035B21B /* MGYProjectRecent.m in Sources */ = {isa = PBXBuildFile; fileRef = 2087138A19D17D0B0035B21B /* MGYProjectRecent.m */; };
		20A2D28C19B9DCDC004C7697 /* MGYDetailsViewCell.m in Sources */ = {isa = PBXBuildFile; fileRef = 20A2D28519B9DCDC004C7697 /* MGYDetailsViewCell.m */; };
		20A2D28D19B9DCDC004C7697 /* MGYProgramListCell.m in Sources */ = {isa = PBXBuildFile; fileRef = 20A2D28819B9DCDC004C7697 /* MGYProgramListCell.m */; };
		20A2D29419B9E82D004C7697 /* MGYDetailsIcon.m in Sources */ = {isa = PBXBuildFile; fileRef = 20A2D29319B9E82D004C7697 /* MGYDetailsIcon.m */; };
		20A2D29A19BAAFC0004C7697 /* DataManager.m in Sources */ = {isa = PBXBuildFile; fileRef = 20A2D29919BAAFC0004C7697 /* DataManager.m */; };
		20A2D2A119BE98C5004C7697 /* MGYProject.m in Sources */ = {isa = PBXBuildFile; fileRef = 20A2D2A019BE98C5004C7697 /* MGYProject.m */; };
		20AB149A19F6030C0088106A /* MGYNetManager.m in Sources */ = {isa = PBXBuildFile; fileRef = 20AB149919F6030C0088106A /* MGYNetManager.m */; };
		20AB149D19F604C60088106A /* MGYNetOperation.m in Sources */ = {isa = PBXBuildFile; fileRef = 20AB149C19F604C60088106A /* MGYNetOperation.m */; };
		20AB14A019F60CA20088106A /* MGYNetRequestSerializer.m in Sources */ = {isa = PBXBuildFile; fileRef = 20AB149F19F60CA20088106A /* MGYNetRequestSerializer.m */; };
		20AB14A619F75F740088106A /* MGYURLSessionManager.m in Sources */ = {isa = PBXBuildFile; fileRef = 20AB14A519F75F740088106A /* MGYURLSessionManager.m */; };
		20AB14A919F7B2DE0088106A /* UIImageView+MGYNetworking.m in Sources */ = {isa = PBXBuildFile; fileRef = 20AB14A819F7B2DE0088106A /* UIImageView+MGYNetworking.m */; };
		20AB14AD19F8A38E0088106A /* MGYWebImageManager.m in Sources */ = {isa = PBXBuildFile; fileRef = 20AB14AC19F8A38E0088106A /* MGYWebImageManager.m */; };
		20AC9F961A0110260038A206 /* MGYStoryManager.m in Sources */ = {isa = PBXBuildFile; fileRef = 20AC9F951A0110260038A206 /* MGYStoryManager.m */; };
		20AD49021A22E02E004D8667 /* Images.xcassets in Resources */ = {isa = PBXBuildFile; fileRef = 20AD49011A22E02E004D8667 /* Images.xcassets */; };
		20AD49051A231CA1004D8667 /* MGYRiceBoxingContentTableViewCell.m in Sources */ = {isa = PBXBuildFile; fileRef = 20AD49041A231CA1004D8667 /* MGYRiceBoxingContentTableViewCell.m */; };
		20AD49081A231D19004D8667 /* MGYRiceBoxingContentViewController.m in Sources */ = {isa = PBXBuildFile; fileRef = 20AD49071A231D19004D8667 /* MGYRiceBoxingContentViewController.m */; };
		20AD490F1A242045004D8667 /* MGYRiceBoxingMonsterRate.m in Sources */ = {isa = PBXBuildFile; fileRef = 20AD490E1A242045004D8667 /* MGYRiceBoxingMonsterRate.m */; };
		20AD49111A2420EB004D8667 /* monster_rate.plist in Resources */ = {isa = PBXBuildFile; fileRef = 20AD49101A2420EB004D8667 /* monster_rate.plist */; };
		20C1E07E1A1F429700ACA4AA /* JEProgressView.m in Sources */ = {isa = PBXBuildFile; fileRef = 20C1E07D1A1F429700ACA4AA /* JEProgressView.m */; };
		20C86B4319D508BC0028E405 /* MGYRiceFlow.m in Sources */ = {isa = PBXBuildFile; fileRef = 20C86B4219D508BC0028E405 /* MGYRiceFlow.m */; };
		20C86B4619D513E60028E405 /* MGYRiceRecord.m in Sources */ = {isa = PBXBuildFile; fileRef = 20C86B4519D513E60028E405 /* MGYRiceRecord.m */; };
		20C86B4919D5547E0028E405 /* MGYMyFavList.m in Sources */ = {isa = PBXBuildFile; fileRef = 20C86B4819D5547E0028E405 /* MGYMyFavList.m */; };
		20CC640419C2A807007230A1 /* MGYBaseViewController.m in Sources */ = {isa = PBXBuildFile; fileRef = 20CC640319C2A807007230A1 /* MGYBaseViewController.m */; };
		20CC640719C2AAF5007230A1 /* MGYBaseProgressView.m in Sources */ = {isa = PBXBuildFile; fileRef = 20CC640619C2AAF5007230A1 /* MGYBaseProgressView.m */; };
		20CC640A19C2AEDC007230A1 /* MGYProgramChildrenViewController.m in Sources */ = {isa = PBXBuildFile; fileRef = 20CC640919C2AEDC007230A1 /* MGYProgramChildrenViewController.m */; };
		20CC640E19C2FB61007230A1 /* MGYProgressView.m in Sources */ = {isa = PBXBuildFile; fileRef = 20CC640D19C2FB61007230A1 /* MGYProgressView.m */; };
		20CC641119C3EDA8007230A1 /* MGYProgramItemViewController.m in Sources */ = {isa = PBXBuildFile; fileRef = 20CC641019C3EDA8007230A1 /* MGYProgramItemViewController.m */; };
		20D0BE5719CC36510051BFD2 /* MGYAboutMeViewController.m in Sources */ = {isa = PBXBuildFile; fileRef = 20D0BE5619CC36510051BFD2 /* MGYAboutMeViewController.m */; };
		20D0BE5A19CD2D630051BFD2 /* MGYAboutMeTableViewCell.m in Sources */ = {isa = PBXBuildFile; fileRef = 20D0BE5919CD2D630051BFD2 /* MGYAboutMeTableViewCell.m */; };
		20DE257019FFDC8E00F8EF7D /* MGYStoryPlayer.m in Sources */ = {isa = PBXBuildFile; fileRef = 20DE256F19FFDC8E00F8EF7D /* MGYStoryPlayer.m */; };
		20DE257319FFDD5600F8EF7D /* MGYStoryNode.m in Sources */ = {isa = PBXBuildFile; fileRef = 20DE257219FFDD5600F8EF7D /* MGYStoryNode.m */; };
		20DE25791A00D3F000F8EF7D /* MGYRiceMoveViewController.m in Sources */ = {isa = PBXBuildFile; fileRef = 20DE25781A00D3F000F8EF7D /* MGYRiceMoveViewController.m */; };
		20DE25841A00E33C00F8EF7D /* story1.plist in Resources */ = {isa = PBXBuildFile; fileRef = 20DE25811A00E33C00F8EF7D /* story1.plist */; };
		20DE25851A00E33C00F8EF7D /* story2.plist in Resources */ = {isa = PBXBuildFile; fileRef = 20DE25821A00E33C00F8EF7D /* story2.plist */; };
		20DE25861A00E33C00F8EF7D /* story3.plist in Resources */ = {isa = PBXBuildFile; fileRef = 20DE25831A00E33C00F8EF7D /* story3.plist */; };
		20DE25881A00EA2A00F8EF7D /* Config.plist in Resources */ = {isa = PBXBuildFile; fileRef = 20DE25871A00EA2A00F8EF7D /* Config.plist */; };
		20E445A919B63030007B2900 /* BlackMagic.m in Sources */ = {isa = PBXBuildFile; fileRef = 20E445A819B63030007B2900 /* BlackMagic.m */; };
		20E445AC19B637EA007B2900 /* MGYTabBarController.m in Sources */ = {isa = PBXBuildFile; fileRef = 20E445AB19B637EA007B2900 /* MGYTabBarController.m */; };
		20E52EBC1A25893400AB2A62 /* MGYPublicFunction.m in Sources */ = {isa = PBXBuildFile; fileRef = 20E52EBB1A25893400AB2A62 /* MGYPublicFunction.m */; };
		20E52EBF1A25AC8300AB2A62 /* MGYRiceBoxingDetailsHideView.m in Sources */ = {isa = PBXBuildFile; fileRef = 20E52EBE1A25AC8300AB2A62 /* MGYRiceBoxingDetailsHideView.m */; };
		20E52EC61A25BFBD00AB2A62 /* MGYProtocolRiceBoxingObtain.m in Sources */ = {isa = PBXBuildFile; fileRef = 20E52EC51A25BFBD00AB2A62 /* MGYProtocolRiceBoxingObtain.m */; };
		20FF32841A1F1B1A00D0247B /* MGYRiceBoxingMonsterProgressView.m in Sources */ = {isa = PBXBuildFile; fileRef = 20FF32831A1F1B1A00D0247B /* MGYRiceBoxingMonsterProgressView.m */; };
		B4B9B1BC309249DB8C7D74BE /* libPods.a in Frameworks */ = {isa = PBXBuildFile; fileRef = D26A877FB02F41759F0DC181 /* libPods.a */; };
/* End PBXBuildFile section */

/* Begin PBXContainerItemProxy section */
		2085C87219B6280D00E9FA3B /* PBXContainerItemProxy */ = {
			isa = PBXContainerItemProxy;
			containerPortal = 2085C84A19B6280C00E9FA3B /* Project object */;
			proxyType = 1;
			remoteGlobalIDString = 2085C85119B6280C00E9FA3B;
			remoteInfo = MiGongYi;
		};
/* End PBXContainerItemProxy section */

/* Begin PBXFileReference section */
		04CD75F1FDE84522A5B19FAD /* Pods.xcconfig */ = {isa = PBXFileReference; includeInIndex = 1; lastKnownFileType = text.xcconfig; name = Pods.xcconfig; path = Pods/Pods.xcconfig; sourceTree = "<group>"; };
		20015A8E1A15051000CDCF6F /* MGYRiceBoxingViewController.h */ = {isa = PBXFileReference; fileEncoding = 4; lastKnownFileType = sourcecode.c.h; name = MGYRiceBoxingViewController.h; path = ../../Ui/GetRice/RiceBoxing/MGYRiceBoxingViewController.h; sourceTree = "<group>"; };
		20015A8F1A15051000CDCF6F /* MGYRiceBoxingViewController.m */ = {isa = PBXFileReference; fileEncoding = 4; lastKnownFileType = sourcecode.c.objc; name = MGYRiceBoxingViewController.m; path = ../../Ui/GetRice/RiceBoxing/MGYRiceBoxingViewController.m; sourceTree = "<group>"; };
		20015A911A15055800CDCF6F /* MGYBoxingRecord.h */ = {isa = PBXFileReference; fileEncoding = 4; lastKnownFileType = sourcecode.c.h; path = MGYBoxingRecord.h; sourceTree = "<group>"; };
		20015A921A15055800CDCF6F /* MGYBoxingRecord.m */ = {isa = PBXFileReference; fileEncoding = 4; lastKnownFileType = sourcecode.c.objc; path = MGYBoxingRecord.m; sourceTree = "<group>"; };
		20015A941A15976200CDCF6F /* MGYGetRiceDataManager.h */ = {isa = PBXFileReference; fileEncoding = 4; lastKnownFileType = sourcecode.c.h; name = MGYGetRiceDataManager.h; path = ../Ui/GetRice/RiceBoxing/MGYGetRiceDataManager.h; sourceTree = "<group>"; };
		20015A951A15976200CDCF6F /* MGYGetRiceDataManager.m */ = {isa = PBXFileReference; fileEncoding = 4; lastKnownFileType = sourcecode.c.objc; name = MGYGetRiceDataManager.m; path = ../Ui/GetRice/RiceBoxing/MGYGetRiceDataManager.m; sourceTree = "<group>"; };
		20015A9B1A159CD100CDCF6F /* Monster.plist */ = {isa = PBXFileReference; fileEncoding = 4; lastKnownFileType = text.plist.xml; path = Monster.plist; sourceTree = "<group>"; };
		20015AA51A15E40B00CDCF6F /* MGYAccelerometer.h */ = {isa = PBXFileReference; fileEncoding = 4; lastKnownFileType = sourcecode.c.h; path = MGYAccelerometer.h; sourceTree = "<group>"; };
		20015AA61A15E40B00CDCF6F /* MGYAccelerometer.m */ = {isa = PBXFileReference; fileEncoding = 4; lastKnownFileType = sourcecode.c.objc; path = MGYAccelerometer.m; sourceTree = "<group>"; };
		20015AAB1A163E6800CDCF6F /* MGYRiceBoxingDetailsViewController.h */ = {isa = PBXFileReference; fileEncoding = 4; lastKnownFileType = sourcecode.c.h; path = MGYRiceBoxingDetailsViewController.h; sourceTree = "<group>"; };
		20015AAC1A163E6800CDCF6F /* MGYRiceBoxingDetailsViewController.m */ = {isa = PBXFileReference; fileEncoding = 4; lastKnownFileType = sourcecode.c.objc; path = MGYRiceBoxingDetailsViewController.m; sourceTree = "<group>"; };
		20015AAE1A1741CA00CDCF6F /* MGYRiceBoxingDetailsTableViewCell.h */ = {isa = PBXFileReference; fileEncoding = 4; lastKnownFileType = sourcecode.c.h; path = MGYRiceBoxingDetailsTableViewCell.h; sourceTree = "<group>"; };
		20015AAF1A1741CA00CDCF6F /* MGYRiceBoxingDetailsTableViewCell.m */ = {isa = PBXFileReference; fileEncoding = 4; lastKnownFileType = sourcecode.c.objc; path = MGYRiceBoxingDetailsTableViewCell.m; sourceTree = "<group>"; };
		20015AB11A19CD5000CDCF6F /* Security.framework */ = {isa = PBXFileReference; lastKnownFileType = wrapper.framework; name = Security.framework; path = System/Library/Frameworks/Security.framework; sourceTree = SDKROOT; };
		20015AB31A19EDA500CDCF6F /* MGYRiceMoveDailyView.h */ = {isa = PBXFileReference; fileEncoding = 4; lastKnownFileType = sourcecode.c.h; path = MGYRiceMoveDailyView.h; sourceTree = "<group>"; };
		20015AB41A19EDA500CDCF6F /* MGYRiceMoveDailyView.m */ = {isa = PBXFileReference; fileEncoding = 4; lastKnownFileType = sourcecode.c.objc; path = MGYRiceMoveDailyView.m; sourceTree = "<group>"; };
		20015AB91A1A192500CDCF6F /* MGYRiceMoveTableViewCell.h */ = {isa = PBXFileReference; fileEncoding = 4; lastKnownFileType = sourcecode.c.h; path = MGYRiceMoveTableViewCell.h; sourceTree = "<group>"; };
		20015ABA1A1A192500CDCF6F /* MGYRiceMoveTableViewCell.m */ = {isa = PBXFileReference; fileEncoding = 4; lastKnownFileType = sourcecode.c.objc; path = MGYRiceMoveTableViewCell.m; sourceTree = "<group>"; };
		20015ABD1A1A205E00CDCF6F /* MGYRiceMoveTableViewController.h */ = {isa = PBXFileReference; fileEncoding = 4; lastKnownFileType = sourcecode.c.h; path = MGYRiceMoveTableViewController.h; sourceTree = "<group>"; };
		20015ABE1A1A205E00CDCF6F /* MGYRiceMoveTableViewController.m */ = {isa = PBXFileReference; fileEncoding = 4; lastKnownFileType = sourcecode.c.objc; path = MGYRiceMoveTableViewController.m; sourceTree = "<group>"; };
		20015AC01A1A24AF00CDCF6F /* MGYRiceMoveContentTableViewCell.h */ = {isa = PBXFileReference; fileEncoding = 4; lastKnownFileType = sourcecode.c.h; path = MGYRiceMoveContentTableViewCell.h; sourceTree = "<group>"; };
		20015AC11A1A24AF00CDCF6F /* MGYRiceMoveContentTableViewCell.m */ = {isa = PBXFileReference; fileEncoding = 4; lastKnownFileType = sourcecode.c.objc; path = MGYRiceMoveContentTableViewCell.m; sourceTree = "<group>"; };
		20015AC31A1A24CB00CDCF6F /* MGYRiceMoveSelectTableViewCell.h */ = {isa = PBXFileReference; fileEncoding = 4; lastKnownFileType = sourcecode.c.h; path = MGYRiceMoveSelectTableViewCell.h; sourceTree = "<group>"; };
		20015AC41A1A24CB00CDCF6F /* MGYRiceMoveSelectTableViewCell.m */ = {isa = PBXFileReference; fileEncoding = 4; lastKnownFileType = sourcecode.c.objc; path = MGYRiceMoveSelectTableViewCell.m; sourceTree = "<group>"; };
		20015AC61A1AEB4400CDCF6F /* MGYHelpView.h */ = {isa = PBXFileReference; fileEncoding = 4; lastKnownFileType = sourcecode.c.h; path = MGYHelpView.h; sourceTree = "<group>"; };
		20015AC71A1AEB4400CDCF6F /* MGYHelpView.m */ = {isa = PBXFileReference; fileEncoding = 4; lastKnownFileType = sourcecode.c.objc; path = MGYHelpView.m; sourceTree = "<group>"; };
		201EFE1B19E3B9B700B14853 /* MGYMiChatDetailsViewController.h */ = {isa = PBXFileReference; fileEncoding = 4; lastKnownFileType = sourcecode.c.h; name = MGYMiChatDetailsViewController.h; path = ../Ui/GetRice/MiChat/MGYMiChatDetailsViewController.h; sourceTree = "<group>"; };
		201EFE1C19E3B9B700B14853 /* MGYMiChatDetailsViewController.m */ = {isa = PBXFileReference; fileEncoding = 4; lastKnownFileType = sourcecode.c.objc; name = MGYMiChatDetailsViewController.m; path = ../Ui/GetRice/MiChat/MGYMiChatDetailsViewController.m; sourceTree = "<group>"; };
		201EFE1E19E5268600B14853 /* MGYMiChatProgressView.h */ = {isa = PBXFileReference; fileEncoding = 4; lastKnownFileType = sourcecode.c.h; path = MGYMiChatProgressView.h; sourceTree = "<group>"; };
		201EFE1F19E5268600B14853 /* MGYMiChatProgressView.m */ = {isa = PBXFileReference; fileEncoding = 4; lastKnownFileType = sourcecode.c.objc; path = MGYMiChatProgressView.m; sourceTree = "<group>"; };
		201EFE2119E6257600B14853 /* MGYMiChatRecord.h */ = {isa = PBXFileReference; fileEncoding = 4; lastKnownFileType = sourcecode.c.h; path = MGYMiChatRecord.h; sourceTree = "<group>"; };
		201EFE2219E6257600B14853 /* MGYMiChatRecord.m */ = {isa = PBXFileReference; fileEncoding = 4; lastKnownFileType = sourcecode.c.objc; path = MGYMiChatRecord.m; sourceTree = "<group>"; };
		201EFE2419E66DE100B14853 /* MGYMiChatMonsterTableViewCell.h */ = {isa = PBXFileReference; fileEncoding = 4; lastKnownFileType = sourcecode.c.h; path = MGYMiChatMonsterTableViewCell.h; sourceTree = "<group>"; };
		201EFE2519E66DE100B14853 /* MGYMiChatMonsterTableViewCell.m */ = {isa = PBXFileReference; fileEncoding = 4; lastKnownFileType = sourcecode.c.objc; path = MGYMiChatMonsterTableViewCell.m; sourceTree = "<group>"; };
		201EFE2819E9098100B14853 /* MGYShare.h */ = {isa = PBXFileReference; fileEncoding = 4; lastKnownFileType = sourcecode.c.h; path = MGYShare.h; sourceTree = "<group>"; };
		201EFE2919E9098100B14853 /* MGYShare.m */ = {isa = PBXFileReference; fileEncoding = 4; lastKnownFileType = sourcecode.c.objc; path = MGYShare.m; sourceTree = "<group>"; };
		201EFE2B19EC07FE00B14853 /* MGYError.h */ = {isa = PBXFileReference; fileEncoding = 4; lastKnownFileType = sourcecode.c.h; path = MGYError.h; sourceTree = "<group>"; };
		201EFE2C19EC35DB00B14853 /* MGYMiChatMonsterView.h */ = {isa = PBXFileReference; fileEncoding = 4; lastKnownFileType = sourcecode.c.h; path = MGYMiChatMonsterView.h; sourceTree = "<group>"; };
		201EFE2D19EC35DB00B14853 /* MGYMiChatMonsterView.m */ = {isa = PBXFileReference; fileEncoding = 4; lastKnownFileType = sourcecode.c.objc; path = MGYMiChatMonsterView.m; sourceTree = "<group>"; };
		201EFE3719ED55AA00B14853 /* en */ = {isa = PBXFileReference; lastKnownFileType = text.plist.strings; name = en; path = InfoPlist.strings; sourceTree = "<group>"; };
		201EFE3919ED55AA00B14853 /* en */ = {isa = PBXFileReference; lastKnownFileType = text.plist.strings; name = en; path = Localizable.strings; sourceTree = "<group>"; };
		201EFE3C19EF98E200B14853 /* MGYMiChatPhoneListView.h */ = {isa = PBXFileReference; fileEncoding = 4; lastKnownFileType = sourcecode.c.h; path = MGYMiChatPhoneListView.h; sourceTree = "<group>"; };
		201EFE3D19EF98E200B14853 /* MGYMiChatPhoneListView.m */ = {isa = PBXFileReference; fileEncoding = 4; lastKnownFileType = sourcecode.c.objc; path = MGYMiChatPhoneListView.m; sourceTree = "<group>"; };
		201EFE4E19F2247800B14853 /* SDTableViewCell.h */ = {isa = PBXFileReference; fileEncoding = 4; lastKnownFileType = sourcecode.c.h; path = SDTableViewCell.h; sourceTree = "<group>"; };
		201EFE4F19F2247800B14853 /* SDTableViewCell.m */ = {isa = PBXFileReference; fileEncoding = 4; lastKnownFileType = sourcecode.c.objc; path = SDTableViewCell.m; sourceTree = "<group>"; };
		201EFE5019F2247800B14853 /* SDViewController.h */ = {isa = PBXFileReference; fileEncoding = 4; lastKnownFileType = sourcecode.c.h; path = SDViewController.h; sourceTree = "<group>"; };
		201EFE5119F2247800B14853 /* SDViewController.m */ = {isa = PBXFileReference; fileEncoding = 4; lastKnownFileType = sourcecode.c.objc; path = SDViewController.m; sourceTree = "<group>"; };
		202E2A8819D8F940000E072B /* MGYMiZhiViewController.h */ = {isa = PBXFileReference; fileEncoding = 4; lastKnownFileType = sourcecode.c.h; name = MGYMiZhiViewController.h; path = ../Ui/GetRice/MiZhi/MGYMiZhiViewController.h; sourceTree = "<group>"; };
		202E2A8919D8F940000E072B /* MGYMiZhiViewController.m */ = {isa = PBXFileReference; fileEncoding = 4; lastKnownFileType = sourcecode.c.objc; name = MGYMiZhiViewController.m; path = ../Ui/GetRice/MiZhi/MGYMiZhiViewController.m; sourceTree = "<group>"; };
		202E2A8B19D910D9000E072B /* MGYMiZhi.h */ = {isa = PBXFileReference; fileEncoding = 4; lastKnownFileType = sourcecode.c.h; path = MGYMiZhi.h; sourceTree = "<group>"; };
		202E2A8C19D910D9000E072B /* MGYMiZhi.m */ = {isa = PBXFileReference; fileEncoding = 4; lastKnownFileType = sourcecode.c.objc; path = MGYMiZhi.m; sourceTree = "<group>"; };
		202E2A8F19D934EE000E072B /* MGYMiChatViewController.h */ = {isa = PBXFileReference; fileEncoding = 4; lastKnownFileType = sourcecode.c.h; name = MGYMiChatViewController.h; path = ../Ui/GetRice/MiChat/MGYMiChatViewController.h; sourceTree = "<group>"; };
		202E2A9019D934EE000E072B /* MGYMiChatViewController.m */ = {isa = PBXFileReference; fileEncoding = 4; lastKnownFileType = sourcecode.c.objc; name = MGYMiChatViewController.m; path = ../Ui/GetRice/MiChat/MGYMiChatViewController.m; sourceTree = "<group>"; };
		202E2A9819D9620A000E072B /* MGYMiZhiTableViewCell.h */ = {isa = PBXFileReference; fileEncoding = 4; lastKnownFileType = sourcecode.c.h; path = MGYMiZhiTableViewCell.h; sourceTree = "<group>"; };
		202E2A9919D9620A000E072B /* MGYMiZhiTableViewCell.m */ = {isa = PBXFileReference; fileEncoding = 4; lastKnownFileType = sourcecode.c.objc; path = MGYMiZhiTableViewCell.m; sourceTree = "<group>"; };
		202E2A9B19DA84A5000E072B /* MGYSubViewController.h */ = {isa = PBXFileReference; fileEncoding = 4; lastKnownFileType = sourcecode.c.h; path = MGYSubViewController.h; sourceTree = "<group>"; };
		202E2A9C19DA84A5000E072B /* MGYSubViewController.m */ = {isa = PBXFileReference; fileEncoding = 4; lastKnownFileType = sourcecode.c.objc; path = MGYSubViewController.m; sourceTree = "<group>"; };
		202E2A9E19DA86F2000E072B /* MGYMiChatTableViewCell.h */ = {isa = PBXFileReference; fileEncoding = 4; lastKnownFileType = sourcecode.c.h; path = MGYMiChatTableViewCell.h; sourceTree = "<group>"; };
		202E2A9F19DA86F2000E072B /* MGYMiChatTableViewCell.m */ = {isa = PBXFileReference; fileEncoding = 4; lastKnownFileType = sourcecode.c.objc; path = MGYMiChatTableViewCell.m; sourceTree = "<group>"; };
		202E2AA119DA9E01000E072B /* MGYMiChatLabelView.h */ = {isa = PBXFileReference; fileEncoding = 4; lastKnownFileType = sourcecode.c.h; path = MGYMiChatLabelView.h; sourceTree = "<group>"; };
		202E2AA219DA9E01000E072B /* MGYMiChatLabelView.m */ = {isa = PBXFileReference; fileEncoding = 4; lastKnownFileType = sourcecode.c.objc; path = MGYMiChatLabelView.m; sourceTree = "<group>"; };
		202E2AA419E2E4D4000E072B /* MGYMiChatPickerView.h */ = {isa = PBXFileReference; fileEncoding = 4; lastKnownFileType = sourcecode.c.h; path = MGYMiChatPickerView.h; sourceTree = "<group>"; };
		202E2AA519E2E4D4000E072B /* MGYMiChatPickerView.m */ = {isa = PBXFileReference; fileEncoding = 4; lastKnownFileType = sourcecode.c.objc; path = MGYMiChatPickerView.m; sourceTree = "<group>"; };
		202E3F9819C6CE4500E58B4E /* MGYPersonalDetails.h */ = {isa = PBXFileReference; fileEncoding = 4; lastKnownFileType = sourcecode.c.h; path = MGYPersonalDetails.h; sourceTree = "<group>"; };
		202E3F9919C6CE4500E58B4E /* MGYPersonalDetails.m */ = {isa = PBXFileReference; fileEncoding = 4; lastKnownFileType = sourcecode.c.objc; path = MGYPersonalDetails.m; sourceTree = "<group>"; };
		202E3F9F19C739FC00E58B4E /* MGYGetRiceViewController.h */ = {isa = PBXFileReference; fileEncoding = 4; lastKnownFileType = sourcecode.c.h; name = MGYGetRiceViewController.h; path = ../Ui/MGYGetRiceViewController.h; sourceTree = "<group>"; };
		202E3FA019C739FC00E58B4E /* MGYGetRiceViewController.m */ = {isa = PBXFileReference; fileEncoding = 4; lastKnownFileType = sourcecode.c.objc; name = MGYGetRiceViewController.m; path = ../Ui/MGYGetRiceViewController.m; sourceTree = "<group>"; };
		203A4BBF1A1B264800D14BF8 /* MGYBorderHelpView.h */ = {isa = PBXFileReference; fileEncoding = 4; lastKnownFileType = sourcecode.c.h; path = MGYBorderHelpView.h; sourceTree = "<group>"; };
		203A4BC01A1B264800D14BF8 /* MGYBorderHelpView.m */ = {isa = PBXFileReference; fileEncoding = 4; lastKnownFileType = sourcecode.c.objc; path = MGYBorderHelpView.m; sourceTree = "<group>"; };
		203A4BC21A1B6ECB00D14BF8 /* MGYRiceMoveLevelRecord.h */ = {isa = PBXFileReference; fileEncoding = 4; lastKnownFileType = sourcecode.c.h; path = MGYRiceMoveLevelRecord.h; sourceTree = "<group>"; };
		203A4BC31A1B6ECB00D14BF8 /* MGYRiceMoveLevelRecord.m */ = {isa = PBXFileReference; fileEncoding = 4; lastKnownFileType = sourcecode.c.objc; path = MGYRiceMoveLevelRecord.m; sourceTree = "<group>"; };
		203D138B1A039B18005A49B2 /* MGYRiceMoveProgressView.h */ = {isa = PBXFileReference; fileEncoding = 4; lastKnownFileType = sourcecode.c.h; path = MGYRiceMoveProgressView.h; sourceTree = "<group>"; };
		203D138C1A039B18005A49B2 /* MGYRiceMoveProgressView.m */ = {isa = PBXFileReference; fileEncoding = 4; lastKnownFileType = sourcecode.c.objc; path = MGYRiceMoveProgressView.m; sourceTree = "<group>"; };
		203D138E1A06195F005A49B2 /* MGYTotalWalk.h */ = {isa = PBXFileReference; fileEncoding = 4; lastKnownFileType = sourcecode.c.h; path = MGYTotalWalk.h; sourceTree = "<group>"; };
		203D138F1A06195F005A49B2 /* MGYTotalWalk.m */ = {isa = PBXFileReference; fileEncoding = 4; lastKnownFileType = sourcecode.c.objc; path = MGYTotalWalk.m; sourceTree = "<group>"; };
		203D13911A0711C5005A49B2 /* MGYRiceMoveProgressSubView.h */ = {isa = PBXFileReference; fileEncoding = 4; lastKnownFileType = sourcecode.c.h; path = MGYRiceMoveProgressSubView.h; sourceTree = "<group>"; };
		203D13921A0711C5005A49B2 /* MGYRiceMoveProgressSubView.m */ = {isa = PBXFileReference; fileEncoding = 4; lastKnownFileType = sourcecode.c.objc; path = MGYRiceMoveProgressSubView.m; sourceTree = "<group>"; };
		203D13941A072B72005A49B2 /* MGYRiceMoveDetailsViewController.h */ = {isa = PBXFileReference; fileEncoding = 4; lastKnownFileType = sourcecode.c.h; name = MGYRiceMoveDetailsViewController.h; path = ../../MGYRiceMoveDetailsViewController.h; sourceTree = "<group>"; };
		203D13951A072B72005A49B2 /* MGYRiceMoveDetailsViewController.m */ = {isa = PBXFileReference; fileEncoding = 4; lastKnownFileType = sourcecode.c.objc; name = MGYRiceMoveDetailsViewController.m; path = ../../MGYRiceMoveDetailsViewController.m; sourceTree = "<group>"; };
		203D13971A072DD8005A49B2 /* MGYRiceMoveMapTableViewCell.h */ = {isa = PBXFileReference; fileEncoding = 4; lastKnownFileType = sourcecode.c.h; path = MGYRiceMoveMapTableViewCell.h; sourceTree = "<group>"; };
		203D13981A072DD8005A49B2 /* MGYRiceMoveMapTableViewCell.m */ = {isa = PBXFileReference; fileEncoding = 4; lastKnownFileType = sourcecode.c.objc; path = MGYRiceMoveMapTableViewCell.m; sourceTree = "<group>"; };
		203D139A1A075977005A49B2 /* MGYStory.h */ = {isa = PBXFileReference; fileEncoding = 4; lastKnownFileType = sourcecode.c.h; path = MGYStory.h; sourceTree = "<group>"; };
		203D139B1A075977005A49B2 /* MGYStory.m */ = {isa = PBXFileReference; fileEncoding = 4; lastKnownFileType = sourcecode.c.objc; path = MGYStory.m; sourceTree = "<group>"; };
		203D139D1A07617B005A49B2 /* MGYRiceMoveDetailsTableViewCell.h */ = {isa = PBXFileReference; fileEncoding = 4; lastKnownFileType = sourcecode.c.h; path = MGYRiceMoveDetailsTableViewCell.h; sourceTree = "<group>"; };
		203D139E1A07617B005A49B2 /* MGYRiceMoveDetailsTableViewCell.m */ = {isa = PBXFileReference; fileEncoding = 4; lastKnownFileType = sourcecode.c.objc; path = MGYRiceMoveDetailsTableViewCell.m; sourceTree = "<group>"; };
		203D13A01A08F216005A49B2 /* MGYRiceMoveContentViewController.h */ = {isa = PBXFileReference; fileEncoding = 4; lastKnownFileType = sourcecode.c.h; name = MGYRiceMoveContentViewController.h; path = ../../MGYRiceMoveContentViewController.h; sourceTree = "<group>"; };
		203D13A11A08F216005A49B2 /* MGYRiceMoveContentViewController.m */ = {isa = PBXFileReference; fileEncoding = 4; lastKnownFileType = sourcecode.c.objc; name = MGYRiceMoveContentViewController.m; path = ../../MGYRiceMoveContentViewController.m; sourceTree = "<group>"; };
		203D13A31A0A1710005A49B2 /* MGYStoryContentView.h */ = {isa = PBXFileReference; fileEncoding = 4; lastKnownFileType = sourcecode.c.h; path = MGYStoryContentView.h; sourceTree = "<group>"; };
		203D13A41A0A1710005A49B2 /* MGYStoryContentView.m */ = {isa = PBXFileReference; fileEncoding = 4; lastKnownFileType = sourcecode.c.objc; path = MGYStoryContentView.m; sourceTree = "<group>"; };
		203D13A61A0A75FE005A49B2 /* MGYRiceMoveEquipView.h */ = {isa = PBXFileReference; fileEncoding = 4; lastKnownFileType = sourcecode.c.h; path = MGYRiceMoveEquipView.h; sourceTree = "<group>"; };
		203D13A71A0A75FE005A49B2 /* MGYRiceMoveEquipView.m */ = {isa = PBXFileReference; fileEncoding = 4; lastKnownFileType = sourcecode.c.objc; path = MGYRiceMoveEquipView.m; sourceTree = "<group>"; };
		203D13A91A0B702B005A49B2 /* story4.plist */ = {isa = PBXFileReference; fileEncoding = 4; lastKnownFileType = text.plist.xml; path = story4.plist; sourceTree = "<group>"; };
		203D13AB1A0C7B66005A49B2 /* story5.plist */ = {isa = PBXFileReference; fileEncoding = 4; lastKnownFileType = text.plist.xml; path = story5.plist; sourceTree = "<group>"; };
		203D13AD1A0CB030005A49B2 /* story6.plist */ = {isa = PBXFileReference; fileEncoding = 4; lastKnownFileType = text.plist.xml; path = story6.plist; sourceTree = "<group>"; };
		203D13AF1A0CBA5B005A49B2 /* story7.plist */ = {isa = PBXFileReference; fileEncoding = 4; lastKnownFileType = text.plist.xml; path = story7.plist; sourceTree = "<group>"; };
		203D13B11A0CBD02005A49B2 /* story8.plist */ = {isa = PBXFileReference; fileEncoding = 4; lastKnownFileType = text.plist.xml; path = story8.plist; sourceTree = "<group>"; };
		203D14031A111101005A49B2 /* MGYRiceMoveSelectViewController.h */ = {isa = PBXFileReference; fileEncoding = 4; lastKnownFileType = sourcecode.c.h; name = MGYRiceMoveSelectViewController.h; path = ../../MGYRiceMoveSelectViewController.h; sourceTree = "<group>"; };
		203D14041A111101005A49B2 /* MGYRiceMoveSelectViewController.m */ = {isa = PBXFileReference; fileEncoding = 4; lastKnownFileType = sourcecode.c.objc; name = MGYRiceMoveSelectViewController.m; path = ../../MGYRiceMoveSelectViewController.m; sourceTree = "<group>"; };
		203D14051A111101005A49B2 /* MGYRiceMoveSelectViewController.xib */ = {isa = PBXFileReference; fileEncoding = 4; lastKnownFileType = file.xib; name = MGYRiceMoveSelectViewController.xib; path = ../../MGYRiceMoveSelectViewController.xib; sourceTree = "<group>"; };
		203D636519CAC7E800116ECA /* MGYDetailsViewController.h */ = {isa = PBXFileReference; fileEncoding = 4; lastKnownFileType = sourcecode.c.h; name = MGYDetailsViewController.h; path = ../Ui/Details/MGYDetailsViewController.h; sourceTree = "<group>"; };
		203D636619CAC7E800116ECA /* MGYDetailsViewController.m */ = {isa = PBXFileReference; fileEncoding = 4; lastKnownFileType = sourcecode.c.objc; name = MGYDetailsViewController.m; path = ../Ui/Details/MGYDetailsViewController.m; sourceTree = "<group>"; };
		203D636D19CB027D00116ECA /* zh-Hans */ = {isa = PBXFileReference; lastKnownFileType = text.plist.strings; name = "zh-Hans"; path = InfoPlist.strings; sourceTree = "<group>"; };
		203D636F19CB027D00116ECA /* zh-Hans */ = {isa = PBXFileReference; lastKnownFileType = text.plist.strings; name = "zh-Hans"; path = Localizable.strings; sourceTree = "<group>"; };
		2085C85219B6280C00E9FA3B /* MiGongYi.app */ = {isa = PBXFileReference; explicitFileType = wrapper.application; includeInIndex = 0; path = MiGongYi.app; sourceTree = BUILT_PRODUCTS_DIR; };
		2085C85519B6280C00E9FA3B /* Foundation.framework */ = {isa = PBXFileReference; lastKnownFileType = wrapper.framework; name = Foundation.framework; path = System/Library/Frameworks/Foundation.framework; sourceTree = SDKROOT; };
		2085C85719B6280C00E9FA3B /* CoreGraphics.framework */ = {isa = PBXFileReference; lastKnownFileType = wrapper.framework; name = CoreGraphics.framework; path = System/Library/Frameworks/CoreGraphics.framework; sourceTree = SDKROOT; };
		2085C85919B6280C00E9FA3B /* UIKit.framework */ = {isa = PBXFileReference; lastKnownFileType = wrapper.framework; name = UIKit.framework; path = System/Library/Frameworks/UIKit.framework; sourceTree = SDKROOT; };
		2085C85D19B6280C00E9FA3B /* MiGongYi-Info.plist */ = {isa = PBXFileReference; lastKnownFileType = text.plist.xml; path = "MiGongYi-Info.plist"; sourceTree = "<group>"; };
		2085C86119B6280C00E9FA3B /* main.m */ = {isa = PBXFileReference; lastKnownFileType = sourcecode.c.objc; path = main.m; sourceTree = "<group>"; };
		2085C86319B6280C00E9FA3B /* MiGongYi-Prefix.pch */ = {isa = PBXFileReference; lastKnownFileType = sourcecode.c.h; path = "MiGongYi-Prefix.pch"; sourceTree = "<group>"; };
		2085C86419B6280C00E9FA3B /* AppDelegate.h */ = {isa = PBXFileReference; lastKnownFileType = sourcecode.c.h; path = AppDelegate.h; sourceTree = "<group>"; };
		2085C86519B6280C00E9FA3B /* AppDelegate.m */ = {isa = PBXFileReference; lastKnownFileType = sourcecode.c.objc; path = AppDelegate.m; sourceTree = "<group>"; };
		2085C86D19B6280D00E9FA3B /* MiGongYiTests.xctest */ = {isa = PBXFileReference; explicitFileType = wrapper.cfbundle; includeInIndex = 0; path = MiGongYiTests.xctest; sourceTree = BUILT_PRODUCTS_DIR; };
		2085C86E19B6280D00E9FA3B /* XCTest.framework */ = {isa = PBXFileReference; lastKnownFileType = wrapper.framework; name = XCTest.framework; path = Library/Frameworks/XCTest.framework; sourceTree = DEVELOPER_DIR; };
		2085C87619B6280D00E9FA3B /* MiGongYiTests-Info.plist */ = {isa = PBXFileReference; lastKnownFileType = text.plist.xml; path = "MiGongYiTests-Info.plist"; sourceTree = "<group>"; };
		2085C87A19B6280D00E9FA3B /* MiGongYiTests.m */ = {isa = PBXFileReference; lastKnownFileType = sourcecode.c.objc; path = MiGongYiTests.m; sourceTree = "<group>"; };
		2087137719CEA5200035B21B /* MGYProjectDetails.h */ = {isa = PBXFileReference; fileEncoding = 4; lastKnownFileType = sourcecode.c.h; path = MGYProjectDetails.h; sourceTree = "<group>"; };
		2087137819CEA5200035B21B /* MGYProjectDetails.m */ = {isa = PBXFileReference; fileEncoding = 4; lastKnownFileType = sourcecode.c.objc; path = MGYProjectDetails.m; sourceTree = "<group>"; };
		2087137A19CFD38B0035B21B /* MGYProjectDetailsTableViewCell.h */ = {isa = PBXFileReference; fileEncoding = 4; lastKnownFileType = sourcecode.c.h; path = MGYProjectDetailsTableViewCell.h; sourceTree = "<group>"; };
		2087137B19CFD38B0035B21B /* MGYProjectDetailsTableViewCell.m */ = {isa = PBXFileReference; fileEncoding = 4; lastKnownFileType = sourcecode.c.objc; path = MGYProjectDetailsTableViewCell.m; sourceTree = "<group>"; };
		2087137D19CFF4670035B21B /* MGYDetailsRelationshipView.h */ = {isa = PBXFileReference; fileEncoding = 4; lastKnownFileType = sourcecode.c.h; path = MGYDetailsRelationshipView.h; sourceTree = "<group>"; };
		2087137E19CFF4670035B21B /* MGYDetailsRelationshipView.m */ = {isa = PBXFileReference; fileEncoding = 4; lastKnownFileType = sourcecode.c.objc; path = MGYDetailsRelationshipView.m; sourceTree = "<group>"; };
		2087138319D071930035B21B /* MGYDetailsIconListView.h */ = {isa = PBXFileReference; fileEncoding = 4; lastKnownFileType = sourcecode.c.h; path = MGYDetailsIconListView.h; sourceTree = "<group>"; };
		2087138419D071930035B21B /* MGYDetailsIconListView.m */ = {isa = PBXFileReference; fileEncoding = 4; lastKnownFileType = sourcecode.c.objc; path = MGYDetailsIconListView.m; sourceTree = "<group>"; };
		2087138619D15D170035B21B /* MGYProjectDevelopmentsTableViewCell.h */ = {isa = PBXFileReference; fileEncoding = 4; lastKnownFileType = sourcecode.c.h; path = MGYProjectDevelopmentsTableViewCell.h; sourceTree = "<group>"; };
		2087138719D15D170035B21B /* MGYProjectDevelopmentsTableViewCell.m */ = {isa = PBXFileReference; fileEncoding = 4; lastKnownFileType = sourcecode.c.objc; path = MGYProjectDevelopmentsTableViewCell.m; sourceTree = "<group>"; };
		2087138919D17D0B0035B21B /* MGYProjectRecent.h */ = {isa = PBXFileReference; fileEncoding = 4; lastKnownFileType = sourcecode.c.h; path = MGYProjectRecent.h; sourceTree = "<group>"; };
		2087138A19D17D0B0035B21B /* MGYProjectRecent.m */ = {isa = PBXFileReference; fileEncoding = 4; lastKnownFileType = sourcecode.c.objc; path = MGYProjectRecent.m; sourceTree = "<group>"; };
		20A2D28419B9DCDC004C7697 /* MGYDetailsViewCell.h */ = {isa = PBXFileReference; fileEncoding = 4; lastKnownFileType = sourcecode.c.h; path = MGYDetailsViewCell.h; sourceTree = "<group>"; };
		20A2D28519B9DCDC004C7697 /* MGYDetailsViewCell.m */ = {isa = PBXFileReference; fileEncoding = 4; lastKnownFileType = sourcecode.c.objc; path = MGYDetailsViewCell.m; sourceTree = "<group>"; };
		20A2D28719B9DCDC004C7697 /* MGYProgramListCell.h */ = {isa = PBXFileReference; fileEncoding = 4; lastKnownFileType = sourcecode.c.h; path = MGYProgramListCell.h; sourceTree = "<group>"; };
		20A2D28819B9DCDC004C7697 /* MGYProgramListCell.m */ = {isa = PBXFileReference; fileEncoding = 4; lastKnownFileType = sourcecode.c.objc; path = MGYProgramListCell.m; sourceTree = "<group>"; };
		20A2D29219B9E82D004C7697 /* MGYDetailsIcon.h */ = {isa = PBXFileReference; fileEncoding = 4; lastKnownFileType = sourcecode.c.h; name = MGYDetailsIcon.h; path = ../../Common/MGYDetailsIcon.h; sourceTree = "<group>"; };
		20A2D29319B9E82D004C7697 /* MGYDetailsIcon.m */ = {isa = PBXFileReference; fileEncoding = 4; lastKnownFileType = sourcecode.c.objc; name = MGYDetailsIcon.m; path = ../../Common/MGYDetailsIcon.m; sourceTree = "<group>"; };
		20A2D29819BAAFC0004C7697 /* DataManager.h */ = {isa = PBXFileReference; fileEncoding = 4; lastKnownFileType = sourcecode.c.h; name = DataManager.h; path = MiGongYi/DataManager.h; sourceTree = SOURCE_ROOT; };
		20A2D29919BAAFC0004C7697 /* DataManager.m */ = {isa = PBXFileReference; fileEncoding = 4; lastKnownFileType = sourcecode.c.objc; name = DataManager.m; path = MiGongYi/DataManager.m; sourceTree = SOURCE_ROOT; };
		20A2D29F19BE98C5004C7697 /* MGYProject.h */ = {isa = PBXFileReference; fileEncoding = 4; lastKnownFileType = sourcecode.c.h; path = MGYProject.h; sourceTree = "<group>"; };
		20A2D2A019BE98C5004C7697 /* MGYProject.m */ = {isa = PBXFileReference; fileEncoding = 4; lastKnownFileType = sourcecode.c.objc; path = MGYProject.m; sourceTree = "<group>"; };
		20AB149819F6030C0088106A /* MGYNetManager.h */ = {isa = PBXFileReference; fileEncoding = 4; lastKnownFileType = sourcecode.c.h; path = MGYNetManager.h; sourceTree = "<group>"; };
		20AB149919F6030C0088106A /* MGYNetManager.m */ = {isa = PBXFileReference; fileEncoding = 4; lastKnownFileType = sourcecode.c.objc; path = MGYNetManager.m; sourceTree = "<group>"; };
		20AB149B19F604C60088106A /* MGYNetOperation.h */ = {isa = PBXFileReference; fileEncoding = 4; lastKnownFileType = sourcecode.c.h; path = MGYNetOperation.h; sourceTree = "<group>"; };
		20AB149C19F604C60088106A /* MGYNetOperation.m */ = {isa = PBXFileReference; fileEncoding = 4; lastKnownFileType = sourcecode.c.objc; path = MGYNetOperation.m; sourceTree = "<group>"; };
		20AB149E19F60CA20088106A /* MGYNetRequestSerializer.h */ = {isa = PBXFileReference; fileEncoding = 4; lastKnownFileType = sourcecode.c.h; path = MGYNetRequestSerializer.h; sourceTree = "<group>"; };
		20AB149F19F60CA20088106A /* MGYNetRequestSerializer.m */ = {isa = PBXFileReference; fileEncoding = 4; lastKnownFileType = sourcecode.c.objc; path = MGYNetRequestSerializer.m; sourceTree = "<group>"; };
		20AB14A419F75F740088106A /* MGYURLSessionManager.h */ = {isa = PBXFileReference; fileEncoding = 4; lastKnownFileType = sourcecode.c.h; path = MGYURLSessionManager.h; sourceTree = "<group>"; };
		20AB14A519F75F740088106A /* MGYURLSessionManager.m */ = {isa = PBXFileReference; fileEncoding = 4; lastKnownFileType = sourcecode.c.objc; path = MGYURLSessionManager.m; sourceTree = "<group>"; };
		20AB14A719F7B2DE0088106A /* UIImageView+MGYNetworking.h */ = {isa = PBXFileReference; fileEncoding = 4; lastKnownFileType = sourcecode.c.h; path = "UIImageView+MGYNetworking.h"; sourceTree = "<group>"; };
		20AB14A819F7B2DE0088106A /* UIImageView+MGYNetworking.m */ = {isa = PBXFileReference; fileEncoding = 4; lastKnownFileType = sourcecode.c.objc; path = "UIImageView+MGYNetworking.m"; sourceTree = "<group>"; };
		20AB14AA19F7B3B60088106A /* MGYNetworking.h */ = {isa = PBXFileReference; lastKnownFileType = sourcecode.c.h; path = MGYNetworking.h; sourceTree = "<group>"; };
		20AB14AB19F8A38E0088106A /* MGYWebImageManager.h */ = {isa = PBXFileReference; fileEncoding = 4; lastKnownFileType = sourcecode.c.h; path = MGYWebImageManager.h; sourceTree = "<group>"; };
		20AB14AC19F8A38E0088106A /* MGYWebImageManager.m */ = {isa = PBXFileReference; fileEncoding = 4; lastKnownFileType = sourcecode.c.objc; path = MGYWebImageManager.m; sourceTree = "<group>"; };
		20AC9F941A0110260038A206 /* MGYStoryManager.h */ = {isa = PBXFileReference; fileEncoding = 4; lastKnownFileType = sourcecode.c.h; path = MGYStoryManager.h; sourceTree = "<group>"; };
		20AC9F951A0110260038A206 /* MGYStoryManager.m */ = {isa = PBXFileReference; fileEncoding = 4; lastKnownFileType = sourcecode.c.objc; path = MGYStoryManager.m; sourceTree = "<group>"; };
		20AD49011A22E02E004D8667 /* Images.xcassets */ = {isa = PBXFileReference; lastKnownFileType = folder.assetcatalog; path = Images.xcassets; sourceTree = "<group>"; };
		20AD49031A231CA1004D8667 /* MGYRiceBoxingContentTableViewCell.h */ = {isa = PBXFileReference; fileEncoding = 4; lastKnownFileType = sourcecode.c.h; path = MGYRiceBoxingContentTableViewCell.h; sourceTree = "<group>"; };
		20AD49041A231CA1004D8667 /* MGYRiceBoxingContentTableViewCell.m */ = {isa = PBXFileReference; fileEncoding = 4; lastKnownFileType = sourcecode.c.objc; path = MGYRiceBoxingContentTableViewCell.m; sourceTree = "<group>"; };
		20AD49061A231D19004D8667 /* MGYRiceBoxingContentViewController.h */ = {isa = PBXFileReference; fileEncoding = 4; lastKnownFileType = sourcecode.c.h; path = MGYRiceBoxingContentViewController.h; sourceTree = "<group>"; };
		20AD49071A231D19004D8667 /* MGYRiceBoxingContentViewController.m */ = {isa = PBXFileReference; fileEncoding = 4; lastKnownFileType = sourcecode.c.objc; path = MGYRiceBoxingContentViewController.m; sourceTree = "<group>"; };
		20AD490C1A232D62004D8667 /* MGYGetRiceDisappearDelegate.h */ = {isa = PBXFileReference; lastKnownFileType = sourcecode.c.h; path = MGYGetRiceDisappearDelegate.h; sourceTree = "<group>"; };
		20AD490D1A242045004D8667 /* MGYRiceBoxingMonsterRate.h */ = {isa = PBXFileReference; fileEncoding = 4; lastKnownFileType = sourcecode.c.h; path = MGYRiceBoxingMonsterRate.h; sourceTree = "<group>"; };
		20AD490E1A242045004D8667 /* MGYRiceBoxingMonsterRate.m */ = {isa = PBXFileReference; fileEncoding = 4; lastKnownFileType = sourcecode.c.objc; path = MGYRiceBoxingMonsterRate.m; sourceTree = "<group>"; };
		20AD49101A2420EB004D8667 /* monster_rate.plist */ = {isa = PBXFileReference; fileEncoding = 4; lastKnownFileType = text.plist.xml; path = monster_rate.plist; sourceTree = "<group>"; };
		20C1E07C1A1F429700ACA4AA /* JEProgressView.h */ = {isa = PBXFileReference; fileEncoding = 4; lastKnownFileType = sourcecode.c.h; name = JEProgressView.h; path = ../../Common/JEProgressView.h; sourceTree = "<group>"; };
		20C1E07D1A1F429700ACA4AA /* JEProgressView.m */ = {isa = PBXFileReference; fileEncoding = 4; lastKnownFileType = sourcecode.c.objc; name = JEProgressView.m; path = ../../Common/JEProgressView.m; sourceTree = "<group>"; };
		20C86B4119D508BC0028E405 /* MGYRiceFlow.h */ = {isa = PBXFileReference; fileEncoding = 4; lastKnownFileType = sourcecode.c.h; path = MGYRiceFlow.h; sourceTree = "<group>"; };
		20C86B4219D508BC0028E405 /* MGYRiceFlow.m */ = {isa = PBXFileReference; fileEncoding = 4; lastKnownFileType = sourcecode.c.objc; path = MGYRiceFlow.m; sourceTree = "<group>"; };
		20C86B4419D513E60028E405 /* MGYRiceRecord.h */ = {isa = PBXFileReference; fileEncoding = 4; lastKnownFileType = sourcecode.c.h; path = MGYRiceRecord.h; sourceTree = "<group>"; };
		20C86B4519D513E60028E405 /* MGYRiceRecord.m */ = {isa = PBXFileReference; fileEncoding = 4; lastKnownFileType = sourcecode.c.objc; path = MGYRiceRecord.m; sourceTree = "<group>"; };
		20C86B4719D5547E0028E405 /* MGYMyFavList.h */ = {isa = PBXFileReference; fileEncoding = 4; lastKnownFileType = sourcecode.c.h; path = MGYMyFavList.h; sourceTree = "<group>"; };
		20C86B4819D5547E0028E405 /* MGYMyFavList.m */ = {isa = PBXFileReference; fileEncoding = 4; lastKnownFileType = sourcecode.c.objc; path = MGYMyFavList.m; sourceTree = "<group>"; };
		20CC640219C2A807007230A1 /* MGYBaseViewController.h */ = {isa = PBXFileReference; fileEncoding = 4; lastKnownFileType = sourcecode.c.h; path = MGYBaseViewController.h; sourceTree = "<group>"; };
		20CC640319C2A807007230A1 /* MGYBaseViewController.m */ = {isa = PBXFileReference; fileEncoding = 4; lastKnownFileType = sourcecode.c.objc; path = MGYBaseViewController.m; sourceTree = "<group>"; };
		20CC640519C2AAF5007230A1 /* MGYBaseProgressView.h */ = {isa = PBXFileReference; fileEncoding = 4; lastKnownFileType = sourcecode.c.h; path = MGYBaseProgressView.h; sourceTree = "<group>"; };
		20CC640619C2AAF5007230A1 /* MGYBaseProgressView.m */ = {isa = PBXFileReference; fileEncoding = 4; lastKnownFileType = sourcecode.c.objc; path = MGYBaseProgressView.m; sourceTree = "<group>"; };
		20CC640819C2AEDC007230A1 /* MGYProgramChildrenViewController.h */ = {isa = PBXFileReference; fileEncoding = 4; lastKnownFileType = sourcecode.c.h; name = MGYProgramChildrenViewController.h; path = ../Ui/MGYProgramChildrenViewController.h; sourceTree = "<group>"; };
		20CC640919C2AEDC007230A1 /* MGYProgramChildrenViewController.m */ = {isa = PBXFileReference; fileEncoding = 4; lastKnownFileType = sourcecode.c.objc; name = MGYProgramChildrenViewController.m; path = ../Ui/MGYProgramChildrenViewController.m; sourceTree = "<group>"; };
		20CC640C19C2FB61007230A1 /* MGYProgressView.h */ = {isa = PBXFileReference; fileEncoding = 4; lastKnownFileType = sourcecode.c.h; path = MGYProgressView.h; sourceTree = "<group>"; };
		20CC640D19C2FB61007230A1 /* MGYProgressView.m */ = {isa = PBXFileReference; fileEncoding = 4; lastKnownFileType = sourcecode.c.objc; path = MGYProgressView.m; sourceTree = "<group>"; };
		20CC640F19C3EDA8007230A1 /* MGYProgramItemViewController.h */ = {isa = PBXFileReference; fileEncoding = 4; lastKnownFileType = sourcecode.c.h; name = MGYProgramItemViewController.h; path = ../Ui/MGYProgramItemViewController.h; sourceTree = "<group>"; };
		20CC641019C3EDA8007230A1 /* MGYProgramItemViewController.m */ = {isa = PBXFileReference; fileEncoding = 4; lastKnownFileType = sourcecode.c.objc; name = MGYProgramItemViewController.m; path = ../Ui/MGYProgramItemViewController.m; sourceTree = "<group>"; };
		20D0BE5519CC36510051BFD2 /* MGYAboutMeViewController.h */ = {isa = PBXFileReference; fileEncoding = 4; lastKnownFileType = sourcecode.c.h; name = MGYAboutMeViewController.h; path = MiGongYi/Ui/MGYAboutMeViewController.h; sourceTree = SOURCE_ROOT; };
		20D0BE5619CC36510051BFD2 /* MGYAboutMeViewController.m */ = {isa = PBXFileReference; fileEncoding = 4; lastKnownFileType = sourcecode.c.objc; name = MGYAboutMeViewController.m; path = MiGongYi/Ui/MGYAboutMeViewController.m; sourceTree = SOURCE_ROOT; };
		20D0BE5819CD2D630051BFD2 /* MGYAboutMeTableViewCell.h */ = {isa = PBXFileReference; fileEncoding = 4; lastKnownFileType = sourcecode.c.h; path = MGYAboutMeTableViewCell.h; sourceTree = "<group>"; };
		20D0BE5919CD2D630051BFD2 /* MGYAboutMeTableViewCell.m */ = {isa = PBXFileReference; fileEncoding = 4; lastKnownFileType = sourcecode.c.objc; path = MGYAboutMeTableViewCell.m; sourceTree = "<group>"; };
		20DE256E19FFDC8E00F8EF7D /* MGYStoryPlayer.h */ = {isa = PBXFileReference; fileEncoding = 4; lastKnownFileType = sourcecode.c.h; path = MGYStoryPlayer.h; sourceTree = "<group>"; };
		20DE256F19FFDC8E00F8EF7D /* MGYStoryPlayer.m */ = {isa = PBXFileReference; fileEncoding = 4; lastKnownFileType = sourcecode.c.objc; path = MGYStoryPlayer.m; sourceTree = "<group>"; };
		20DE257119FFDD5600F8EF7D /* MGYStoryNode.h */ = {isa = PBXFileReference; fileEncoding = 4; lastKnownFileType = sourcecode.c.h; path = MGYStoryNode.h; sourceTree = "<group>"; };
		20DE257219FFDD5600F8EF7D /* MGYStoryNode.m */ = {isa = PBXFileReference; fileEncoding = 4; lastKnownFileType = sourcecode.c.objc; path = MGYStoryNode.m; sourceTree = "<group>"; };
		20DE25771A00D3F000F8EF7D /* MGYRiceMoveViewController.h */ = {isa = PBXFileReference; fileEncoding = 4; lastKnownFileType = sourcecode.c.h; name = MGYRiceMoveViewController.h; path = ../../MGYController/MGYRiceMoveViewController.h; sourceTree = "<group>"; };
		20DE25781A00D3F000F8EF7D /* MGYRiceMoveViewController.m */ = {isa = PBXFileReference; fileEncoding = 4; lastKnownFileType = sourcecode.c.objc; name = MGYRiceMoveViewController.m; path = ../../MGYController/MGYRiceMoveViewController.m; sourceTree = "<group>"; };
		20DE25811A00E33C00F8EF7D /* story1.plist */ = {isa = PBXFileReference; fileEncoding = 4; lastKnownFileType = text.plist.xml; path = story1.plist; sourceTree = "<group>"; };
		20DE25821A00E33C00F8EF7D /* story2.plist */ = {isa = PBXFileReference; fileEncoding = 4; lastKnownFileType = text.plist.xml; path = story2.plist; sourceTree = "<group>"; };
		20DE25831A00E33C00F8EF7D /* story3.plist */ = {isa = PBXFileReference; fileEncoding = 4; lastKnownFileType = text.plist.xml; path = story3.plist; sourceTree = "<group>"; };
		20DE25871A00EA2A00F8EF7D /* Config.plist */ = {isa = PBXFileReference; fileEncoding = 4; lastKnownFileType = text.plist.xml; path = Config.plist; sourceTree = "<group>"; };
		20E445A719B63030007B2900 /* BlackMagic.h */ = {isa = PBXFileReference; fileEncoding = 4; lastKnownFileType = sourcecode.c.h; path = BlackMagic.h; sourceTree = "<group>"; };
		20E445A819B63030007B2900 /* BlackMagic.m */ = {isa = PBXFileReference; fileEncoding = 4; lastKnownFileType = sourcecode.c.objc; path = BlackMagic.m; sourceTree = "<group>"; };
		20E445AA19B637EA007B2900 /* MGYTabBarController.h */ = {isa = PBXFileReference; fileEncoding = 4; lastKnownFileType = sourcecode.c.h; name = MGYTabBarController.h; path = ../MGYTabBarController.h; sourceTree = "<group>"; };
		20E445AB19B637EA007B2900 /* MGYTabBarController.m */ = {isa = PBXFileReference; fileEncoding = 4; lastKnownFileType = sourcecode.c.objc; name = MGYTabBarController.m; path = ../MGYTabBarController.m; sourceTree = "<group>"; };
		20E52EBA1A25893400AB2A62 /* MGYPublicFunction.h */ = {isa = PBXFileReference; fileEncoding = 4; lastKnownFileType = sourcecode.c.h; path = MGYPublicFunction.h; sourceTree = "<group>"; };
		20E52EBB1A25893400AB2A62 /* MGYPublicFunction.m */ = {isa = PBXFileReference; fileEncoding = 4; lastKnownFileType = sourcecode.c.objc; path = MGYPublicFunction.m; sourceTree = "<group>"; };
		20E52EBD1A25AC8300AB2A62 /* MGYRiceBoxingDetailsHideView.h */ = {isa = PBXFileReference; fileEncoding = 4; lastKnownFileType = sourcecode.c.h; path = MGYRiceBoxingDetailsHideView.h; sourceTree = "<group>"; };
		20E52EBE1A25AC8300AB2A62 /* MGYRiceBoxingDetailsHideView.m */ = {isa = PBXFileReference; fileEncoding = 4; lastKnownFileType = sourcecode.c.objc; path = MGYRiceBoxingDetailsHideView.m; sourceTree = "<group>"; };
		20E52EC41A25BFBD00AB2A62 /* MGYProtocolRiceBoxingObtain.h */ = {isa = PBXFileReference; fileEncoding = 4; lastKnownFileType = sourcecode.c.h; path = MGYProtocolRiceBoxingObtain.h; sourceTree = "<group>"; };
		20E52EC51A25BFBD00AB2A62 /* MGYProtocolRiceBoxingObtain.m */ = {isa = PBXFileReference; fileEncoding = 4; lastKnownFileType = sourcecode.c.objc; path = MGYProtocolRiceBoxingObtain.m; sourceTree = "<group>"; };
		20FF32821A1F1B1A00D0247B /* MGYRiceBoxingMonsterProgressView.h */ = {isa = PBXFileReference; fileEncoding = 4; lastKnownFileType = sourcecode.c.h; path = MGYRiceBoxingMonsterProgressView.h; sourceTree = "<group>"; };
		20FF32831A1F1B1A00D0247B /* MGYRiceBoxingMonsterProgressView.m */ = {isa = PBXFileReference; fileEncoding = 4; lastKnownFileType = sourcecode.c.objc; path = MGYRiceBoxingMonsterProgressView.m; sourceTree = "<group>"; };
		D26A877FB02F41759F0DC181 /* libPods.a */ = {isa = PBXFileReference; explicitFileType = archive.ar; includeInIndex = 0; path = libPods.a; sourceTree = BUILT_PRODUCTS_DIR; };
/* End PBXFileReference section */

/* Begin PBXFrameworksBuildPhase section */
		2085C84F19B6280C00E9FA3B /* Frameworks */ = {
			isa = PBXFrameworksBuildPhase;
			buildActionMask = 2147483647;
			files = (
				20015AB21A19CD5000CDCF6F /* Security.framework in Frameworks */,
				2085C85819B6280C00E9FA3B /* CoreGraphics.framework in Frameworks */,
				2085C85A19B6280C00E9FA3B /* UIKit.framework in Frameworks */,
				2085C85619B6280C00E9FA3B /* Foundation.framework in Frameworks */,
				B4B9B1BC309249DB8C7D74BE /* libPods.a in Frameworks */,
			);
			runOnlyForDeploymentPostprocessing = 0;
		};
		2085C86A19B6280D00E9FA3B /* Frameworks */ = {
			isa = PBXFrameworksBuildPhase;
			buildActionMask = 2147483647;
			files = (
				2085C86F19B6280D00E9FA3B /* XCTest.framework in Frameworks */,
				2085C87119B6280D00E9FA3B /* UIKit.framework in Frameworks */,
				2085C87019B6280D00E9FA3B /* Foundation.framework in Frameworks */,
			);
			runOnlyForDeploymentPostprocessing = 0;
		};
/* End PBXFrameworksBuildPhase section */

/* Begin PBXGroup section */
		20015A8D1A15035200CDCF6F /* RiceBoxing */ = {
			isa = PBXGroup;
			children = (
				20015AAE1A1741CA00CDCF6F /* MGYRiceBoxingDetailsTableViewCell.h */,
				20015AAF1A1741CA00CDCF6F /* MGYRiceBoxingDetailsTableViewCell.m */,
				20FF32821A1F1B1A00D0247B /* MGYRiceBoxingMonsterProgressView.h */,
				20FF32831A1F1B1A00D0247B /* MGYRiceBoxingMonsterProgressView.m */,
				20AD49031A231CA1004D8667 /* MGYRiceBoxingContentTableViewCell.h */,
				20AD49041A231CA1004D8667 /* MGYRiceBoxingContentTableViewCell.m */,
				20E52EBD1A25AC8300AB2A62 /* MGYRiceBoxingDetailsHideView.h */,
				20E52EBE1A25AC8300AB2A62 /* MGYRiceBoxingDetailsHideView.m */,
			);
			path = RiceBoxing;
			sourceTree = "<group>";
		};
		20015A971A1598AB00CDCF6F /* Controller */ = {
			isa = PBXGroup;
			children = (
				20015ABC1A1A203400CDCF6F /* RiceMove */,
				20015A981A15998400CDCF6F /* RiceBoxing */,
				202E2A8F19D934EE000E072B /* MGYMiChatViewController.h */,
				202E2A9019D934EE000E072B /* MGYMiChatViewController.m */,
				201EFE1B19E3B9B700B14853 /* MGYMiChatDetailsViewController.h */,
				201EFE1C19E3B9B700B14853 /* MGYMiChatDetailsViewController.m */,
				202E2A8819D8F940000E072B /* MGYMiZhiViewController.h */,
				202E2A8919D8F940000E072B /* MGYMiZhiViewController.m */,
				203D636519CAC7E800116ECA /* MGYDetailsViewController.h */,
				203D636619CAC7E800116ECA /* MGYDetailsViewController.m */,
				20CC640819C2AEDC007230A1 /* MGYProgramChildrenViewController.h */,
				20CC640919C2AEDC007230A1 /* MGYProgramChildrenViewController.m */,
				20CC640F19C3EDA8007230A1 /* MGYProgramItemViewController.h */,
				20CC641019C3EDA8007230A1 /* MGYProgramItemViewController.m */,
				202E3F9F19C739FC00E58B4E /* MGYGetRiceViewController.h */,
				202E3FA019C739FC00E58B4E /* MGYGetRiceViewController.m */,
				20D0BE5519CC36510051BFD2 /* MGYAboutMeViewController.h */,
				20D0BE5619CC36510051BFD2 /* MGYAboutMeViewController.m */,
				20E445AA19B637EA007B2900 /* MGYTabBarController.h */,
				20E445AB19B637EA007B2900 /* MGYTabBarController.m */,
			);
			path = Controller;
			sourceTree = "<group>";
		};
		20015A981A15998400CDCF6F /* RiceBoxing */ = {
			isa = PBXGroup;
			children = (
				20015A8E1A15051000CDCF6F /* MGYRiceBoxingViewController.h */,
				20015A8F1A15051000CDCF6F /* MGYRiceBoxingViewController.m */,
				20015AAB1A163E6800CDCF6F /* MGYRiceBoxingDetailsViewController.h */,
				20015AAC1A163E6800CDCF6F /* MGYRiceBoxingDetailsViewController.m */,
				20AD49061A231D19004D8667 /* MGYRiceBoxingContentViewController.h */,
				20AD49071A231D19004D8667 /* MGYRiceBoxingContentViewController.m */,
			);
			path = RiceBoxing;
			sourceTree = "<group>";
		};
		20015A9A1A159A5300CDCF6F /* DataManager */ = {
			isa = PBXGroup;
			children = (
				20A2D29819BAAFC0004C7697 /* DataManager.h */,
				20A2D29919BAAFC0004C7697 /* DataManager.m */,
				20015A941A15976200CDCF6F /* MGYGetRiceDataManager.h */,
				20015A951A15976200CDCF6F /* MGYGetRiceDataManager.m */,
			);
			path = DataManager;
			sourceTree = "<group>";
		};
		20015AA11A15E29D00CDCF6F /* Common */ = {
			isa = PBXGroup;
			children = (
				20015AA51A15E40B00CDCF6F /* MGYAccelerometer.h */,
				20015AA61A15E40B00CDCF6F /* MGYAccelerometer.m */,
				20AD490C1A232D62004D8667 /* MGYGetRiceDisappearDelegate.h */,
				20E52EBA1A25893400AB2A62 /* MGYPublicFunction.h */,
				20E52EBB1A25893400AB2A62 /* MGYPublicFunction.m */,
			);
			path = Common;
			sourceTree = "<group>";
		};
		20015ABC1A1A203400CDCF6F /* RiceMove */ = {
			isa = PBXGroup;
			children = (
				20DE25771A00D3F000F8EF7D /* MGYRiceMoveViewController.h */,
				20DE25781A00D3F000F8EF7D /* MGYRiceMoveViewController.m */,
				203D13941A072B72005A49B2 /* MGYRiceMoveDetailsViewController.h */,
				203D13951A072B72005A49B2 /* MGYRiceMoveDetailsViewController.m */,
				203D13A01A08F216005A49B2 /* MGYRiceMoveContentViewController.h */,
				203D13A11A08F216005A49B2 /* MGYRiceMoveContentViewController.m */,
				203D14031A111101005A49B2 /* MGYRiceMoveSelectViewController.h */,
				203D14041A111101005A49B2 /* MGYRiceMoveSelectViewController.m */,
				203D14051A111101005A49B2 /* MGYRiceMoveSelectViewController.xib */,
				20015ABD1A1A205E00CDCF6F /* MGYRiceMoveTableViewController.h */,
				20015ABE1A1A205E00CDCF6F /* MGYRiceMoveTableViewController.m */,
			);
			path = RiceMove;
			sourceTree = "<group>";
		};
		201EFE3519ED55AA00B14853 /* en.lproj */ = {
			isa = PBXGroup;
			children = (
				201EFE3619ED55AA00B14853 /* InfoPlist.strings */,
				201EFE3819ED55AA00B14853 /* Localizable.strings */,
			);
			path = en.lproj;
			sourceTree = "<group>";
		};
		201EFE4D19F2247800B14853 /* weiboTest */ = {
			isa = PBXGroup;
			children = (
				201EFE4E19F2247800B14853 /* SDTableViewCell.h */,
				201EFE4F19F2247800B14853 /* SDTableViewCell.m */,
				201EFE5019F2247800B14853 /* SDViewController.h */,
				201EFE5119F2247800B14853 /* SDViewController.m */,
			);
			path = weiboTest;
			sourceTree = "<group>";
		};
		202E2A8619D8F929000E072B /* GetRice */ = {
			isa = PBXGroup;
			children = (
				20DE256D19FFDC5500F8EF7D /* RiceMove */,
				20015A8D1A15035200CDCF6F /* RiceBoxing */,
				202E2A8E19D934AD000E072B /* MiChat */,
				202E2A8719D8F929000E072B /* MiZhi */,
			);
			path = GetRice;
			sourceTree = "<group>";
		};
		202E2A8719D8F929000E072B /* MiZhi */ = {
			isa = PBXGroup;
			children = (
				202E2A9819D9620A000E072B /* MGYMiZhiTableViewCell.h */,
				202E2A9919D9620A000E072B /* MGYMiZhiTableViewCell.m */,
			);
			path = MiZhi;
			sourceTree = "<group>";
		};
		202E2A8E19D934AD000E072B /* MiChat */ = {
			isa = PBXGroup;
			children = (
				202E2A9E19DA86F2000E072B /* MGYMiChatTableViewCell.h */,
				202E2A9F19DA86F2000E072B /* MGYMiChatTableViewCell.m */,
				202E2AA119DA9E01000E072B /* MGYMiChatLabelView.h */,
				202E2AA219DA9E01000E072B /* MGYMiChatLabelView.m */,
				202E2AA419E2E4D4000E072B /* MGYMiChatPickerView.h */,
				202E2AA519E2E4D4000E072B /* MGYMiChatPickerView.m */,
				201EFE1E19E5268600B14853 /* MGYMiChatProgressView.h */,
				201EFE1F19E5268600B14853 /* MGYMiChatProgressView.m */,
				201EFE2119E6257600B14853 /* MGYMiChatRecord.h */,
				201EFE2219E6257600B14853 /* MGYMiChatRecord.m */,
				201EFE2419E66DE100B14853 /* MGYMiChatMonsterTableViewCell.h */,
				201EFE2519E66DE100B14853 /* MGYMiChatMonsterTableViewCell.m */,
				201EFE2C19EC35DB00B14853 /* MGYMiChatMonsterView.h */,
				201EFE2D19EC35DB00B14853 /* MGYMiChatMonsterView.m */,
				201EFE3C19EF98E200B14853 /* MGYMiChatPhoneListView.h */,
				201EFE3D19EF98E200B14853 /* MGYMiChatPhoneListView.m */,
			);
			path = MiChat;
			sourceTree = "<group>";
		};
		202E3FA219C8698400E58B4E /* AboutMe */ = {
			isa = PBXGroup;
			children = (
				20D0BE5819CD2D630051BFD2 /* MGYAboutMeTableViewCell.h */,
				20D0BE5919CD2D630051BFD2 /* MGYAboutMeTableViewCell.m */,
			);
			name = AboutMe;
			path = AboutME;
			sourceTree = "<group>";
		};
		203D636B19CB027D00116ECA /* zh-Hans.lproj */ = {
			isa = PBXGroup;
			children = (
				203D636C19CB027D00116ECA /* InfoPlist.strings */,
				203D636E19CB027D00116ECA /* Localizable.strings */,
			);
			path = "zh-Hans.lproj";
			sourceTree = "<group>";
		};
		2085C84919B6280C00E9FA3B = {
			isa = PBXGroup;
			children = (
				2085C85B19B6280C00E9FA3B /* MiGongYi */,
				2085C87419B6280D00E9FA3B /* MiGongYiTests */,
				2085C85419B6280C00E9FA3B /* Frameworks */,
				2085C85319B6280C00E9FA3B /* Products */,
				04CD75F1FDE84522A5B19FAD /* Pods.xcconfig */,
			);
			sourceTree = "<group>";
		};
		2085C85319B6280C00E9FA3B /* Products */ = {
			isa = PBXGroup;
			children = (
				2085C85219B6280C00E9FA3B /* MiGongYi.app */,
				2085C86D19B6280D00E9FA3B /* MiGongYiTests.xctest */,
			);
			name = Products;
			sourceTree = "<group>";
		};
		2085C85419B6280C00E9FA3B /* Frameworks */ = {
			isa = PBXGroup;
			children = (
				20015AB11A19CD5000CDCF6F /* Security.framework */,
				2085C85519B6280C00E9FA3B /* Foundation.framework */,
				2085C85719B6280C00E9FA3B /* CoreGraphics.framework */,
				2085C85919B6280C00E9FA3B /* UIKit.framework */,
				2085C86E19B6280D00E9FA3B /* XCTest.framework */,
				D26A877FB02F41759F0DC181 /* libPods.a */,
			);
			name = Frameworks;
			sourceTree = "<group>";
		};
		2085C85B19B6280C00E9FA3B /* MiGongYi */ = {
			isa = PBXGroup;
			children = (
				20AD49011A22E02E004D8667 /* Images.xcassets */,
				20015AA11A15E29D00CDCF6F /* Common */,
				20015A9A1A159A5300CDCF6F /* DataManager */,
				20DE25801A00E33C00F8EF7D /* Config */,
				20AB149719F6026F0088106A /* MGYnetworking */,
				201EFE4D19F2247800B14853 /* weiboTest */,
				201EFE3519ED55AA00B14853 /* en.lproj */,
				203D636B19CB027D00116ECA /* zh-Hans.lproj */,
				20A2D29E19BE97C6004C7697 /* Model */,
				20015A971A1598AB00CDCF6F /* Controller */,
				20A2D28019B9DCDC004C7697 /* Ui */,
				2085C86419B6280C00E9FA3B /* AppDelegate.h */,
				2085C86519B6280C00E9FA3B /* AppDelegate.m */,
				2085C85C19B6280C00E9FA3B /* Supporting Files */,
				20E445A719B63030007B2900 /* BlackMagic.h */,
				20E445A819B63030007B2900 /* BlackMagic.m */,
				201EFE2B19EC07FE00B14853 /* MGYError.h */,
			);
			path = MiGongYi;
			sourceTree = "<group>";
		};
		2085C85C19B6280C00E9FA3B /* Supporting Files */ = {
			isa = PBXGroup;
			children = (
				2085C85D19B6280C00E9FA3B /* MiGongYi-Info.plist */,
				2085C86119B6280C00E9FA3B /* main.m */,
				2085C86319B6280C00E9FA3B /* MiGongYi-Prefix.pch */,
			);
			name = "Supporting Files";
			sourceTree = "<group>";
		};
		2085C87419B6280D00E9FA3B /* MiGongYiTests */ = {
			isa = PBXGroup;
			children = (
				2085C87A19B6280D00E9FA3B /* MiGongYiTests.m */,
				2085C87519B6280D00E9FA3B /* Supporting Files */,
			);
			path = MiGongYiTests;
			sourceTree = "<group>";
		};
		2085C87519B6280D00E9FA3B /* Supporting Files */ = {
			isa = PBXGroup;
			children = (
				2085C87619B6280D00E9FA3B /* MiGongYiTests-Info.plist */,
			);
			name = "Supporting Files";
			sourceTree = "<group>";
		};
		20A2D28019B9DCDC004C7697 /* Ui */ = {
			isa = PBXGroup;
			children = (
				20CC640119C2A7ED007230A1 /* Template */,
				202E2A8619D8F929000E072B /* GetRice */,
				202E3FA219C8698400E58B4E /* AboutMe */,
				20A2D28619B9DCDC004C7697 /* Program */,
				20A2D28119B9DCDC004C7697 /* Details */,
			);
			path = Ui;
			sourceTree = "<group>";
		};
		20A2D28119B9DCDC004C7697 /* Details */ = {
			isa = PBXGroup;
			children = (
				20A2D29219B9E82D004C7697 /* MGYDetailsIcon.h */,
				20A2D29319B9E82D004C7697 /* MGYDetailsIcon.m */,
				20A2D28419B9DCDC004C7697 /* MGYDetailsViewCell.h */,
				20A2D28519B9DCDC004C7697 /* MGYDetailsViewCell.m */,
				2087137A19CFD38B0035B21B /* MGYProjectDetailsTableViewCell.h */,
				2087137B19CFD38B0035B21B /* MGYProjectDetailsTableViewCell.m */,
				2087137D19CFF4670035B21B /* MGYDetailsRelationshipView.h */,
				2087137E19CFF4670035B21B /* MGYDetailsRelationshipView.m */,
				2087138319D071930035B21B /* MGYDetailsIconListView.h */,
				2087138419D071930035B21B /* MGYDetailsIconListView.m */,
				2087138619D15D170035B21B /* MGYProjectDevelopmentsTableViewCell.h */,
				2087138719D15D170035B21B /* MGYProjectDevelopmentsTableViewCell.m */,
			);
			path = Details;
			sourceTree = "<group>";
		};
		20A2D28619B9DCDC004C7697 /* Program */ = {
			isa = PBXGroup;
			children = (
				20A2D28719B9DCDC004C7697 /* MGYProgramListCell.h */,
				20A2D28819B9DCDC004C7697 /* MGYProgramListCell.m */,
			);
			path = Program;
			sourceTree = "<group>";
		};
		20A2D29E19BE97C6004C7697 /* Model */ = {
			isa = PBXGroup;
			children = (
				20E52EC31A25BDDB00AB2A62 /* protocol */,
				20A2D29F19BE98C5004C7697 /* MGYProject.h */,
				20A2D2A019BE98C5004C7697 /* MGYProject.m */,
				202E3F9819C6CE4500E58B4E /* MGYPersonalDetails.h */,
				202E3F9919C6CE4500E58B4E /* MGYPersonalDetails.m */,
				2087137719CEA5200035B21B /* MGYProjectDetails.h */,
				2087137819CEA5200035B21B /* MGYProjectDetails.m */,
				2087138919D17D0B0035B21B /* MGYProjectRecent.h */,
				2087138A19D17D0B0035B21B /* MGYProjectRecent.m */,
				20C86B4119D508BC0028E405 /* MGYRiceFlow.h */,
				20C86B4219D508BC0028E405 /* MGYRiceFlow.m */,
				20C86B4419D513E60028E405 /* MGYRiceRecord.h */,
				20C86B4519D513E60028E405 /* MGYRiceRecord.m */,
				20C86B4719D5547E0028E405 /* MGYMyFavList.h */,
				20C86B4819D5547E0028E405 /* MGYMyFavList.m */,
				202E2A8B19D910D9000E072B /* MGYMiZhi.h */,
				202E2A8C19D910D9000E072B /* MGYMiZhi.m */,
				201EFE2819E9098100B14853 /* MGYShare.h */,
				201EFE2919E9098100B14853 /* MGYShare.m */,
				203D138E1A06195F005A49B2 /* MGYTotalWalk.h */,
				203D138F1A06195F005A49B2 /* MGYTotalWalk.m */,
				203D139A1A075977005A49B2 /* MGYStory.h */,
				203D139B1A075977005A49B2 /* MGYStory.m */,
				20015A911A15055800CDCF6F /* MGYBoxingRecord.h */,
				20015A921A15055800CDCF6F /* MGYBoxingRecord.m */,
				203A4BC21A1B6ECB00D14BF8 /* MGYRiceMoveLevelRecord.h */,
				203A4BC31A1B6ECB00D14BF8 /* MGYRiceMoveLevelRecord.m */,
				20AD490D1A242045004D8667 /* MGYRiceBoxingMonsterRate.h */,
				20AD490E1A242045004D8667 /* MGYRiceBoxingMonsterRate.m */,
			);
			path = Model;
			sourceTree = "<group>";
		};
		20AB149719F6026F0088106A /* MGYnetworking */ = {
			isa = PBXGroup;
			children = (
				20AB14AA19F7B3B60088106A /* MGYNetworking.h */,
				20AB149819F6030C0088106A /* MGYNetManager.h */,
				20AB149919F6030C0088106A /* MGYNetManager.m */,
				20AB149B19F604C60088106A /* MGYNetOperation.h */,
				20AB149C19F604C60088106A /* MGYNetOperation.m */,
				20AB149E19F60CA20088106A /* MGYNetRequestSerializer.h */,
				20AB149F19F60CA20088106A /* MGYNetRequestSerializer.m */,
				20AB14A419F75F740088106A /* MGYURLSessionManager.h */,
				20AB14A519F75F740088106A /* MGYURLSessionManager.m */,
				20AB14A719F7B2DE0088106A /* UIImageView+MGYNetworking.h */,
				20AB14A819F7B2DE0088106A /* UIImageView+MGYNetworking.m */,
				20AB14AB19F8A38E0088106A /* MGYWebImageManager.h */,
				20AB14AC19F8A38E0088106A /* MGYWebImageManager.m */,
			);
			path = MGYnetworking;
			sourceTree = "<group>";
		};
		20CC640119C2A7ED007230A1 /* Template */ = {
			isa = PBXGroup;
			children = (
				20C1E07C1A1F429700ACA4AA /* JEProgressView.h */,
				20C1E07D1A1F429700ACA4AA /* JEProgressView.m */,
				20CC640219C2A807007230A1 /* MGYBaseViewController.h */,
				20CC640319C2A807007230A1 /* MGYBaseViewController.m */,
				20CC640519C2AAF5007230A1 /* MGYBaseProgressView.h */,
				20CC640619C2AAF5007230A1 /* MGYBaseProgressView.m */,
				20CC640C19C2FB61007230A1 /* MGYProgressView.h */,
				20CC640D19C2FB61007230A1 /* MGYProgressView.m */,
				202E2A9B19DA84A5000E072B /* MGYSubViewController.h */,
				202E2A9C19DA84A5000E072B /* MGYSubViewController.m */,
				20015AC61A1AEB4400CDCF6F /* MGYHelpView.h */,
				20015AC71A1AEB4400CDCF6F /* MGYHelpView.m */,
				203A4BBF1A1B264800D14BF8 /* MGYBorderHelpView.h */,
				203A4BC01A1B264800D14BF8 /* MGYBorderHelpView.m */,
			);
			path = Template;
			sourceTree = "<group>";
		};
		20DE256D19FFDC5500F8EF7D /* RiceMove */ = {
			isa = PBXGroup;
			children = (
				20DE256E19FFDC8E00F8EF7D /* MGYStoryPlayer.h */,
				20DE256F19FFDC8E00F8EF7D /* MGYStoryPlayer.m */,
				20DE257119FFDD5600F8EF7D /* MGYStoryNode.h */,
				20DE257219FFDD5600F8EF7D /* MGYStoryNode.m */,
				20AC9F941A0110260038A206 /* MGYStoryManager.h */,
				20AC9F951A0110260038A206 /* MGYStoryManager.m */,
				203D138B1A039B18005A49B2 /* MGYRiceMoveProgressView.h */,
				203D138C1A039B18005A49B2 /* MGYRiceMoveProgressView.m */,
				203D13911A0711C5005A49B2 /* MGYRiceMoveProgressSubView.h */,
				203D13921A0711C5005A49B2 /* MGYRiceMoveProgressSubView.m */,
				203D13971A072DD8005A49B2 /* MGYRiceMoveMapTableViewCell.h */,
				203D13981A072DD8005A49B2 /* MGYRiceMoveMapTableViewCell.m */,
				203D139D1A07617B005A49B2 /* MGYRiceMoveDetailsTableViewCell.h */,
				203D139E1A07617B005A49B2 /* MGYRiceMoveDetailsTableViewCell.m */,
				203D13A31A0A1710005A49B2 /* MGYStoryContentView.h */,
				203D13A41A0A1710005A49B2 /* MGYStoryContentView.m */,
				203D13A61A0A75FE005A49B2 /* MGYRiceMoveEquipView.h */,
				203D13A71A0A75FE005A49B2 /* MGYRiceMoveEquipView.m */,
				20015AB31A19EDA500CDCF6F /* MGYRiceMoveDailyView.h */,
				20015AB41A19EDA500CDCF6F /* MGYRiceMoveDailyView.m */,
				20015AB91A1A192500CDCF6F /* MGYRiceMoveTableViewCell.h */,
				20015ABA1A1A192500CDCF6F /* MGYRiceMoveTableViewCell.m */,
				20015AC01A1A24AF00CDCF6F /* MGYRiceMoveContentTableViewCell.h */,
				20015AC11A1A24AF00CDCF6F /* MGYRiceMoveContentTableViewCell.m */,
				20015AC31A1A24CB00CDCF6F /* MGYRiceMoveSelectTableViewCell.h */,
				20015AC41A1A24CB00CDCF6F /* MGYRiceMoveSelectTableViewCell.m */,
			);
			path = RiceMove;
			sourceTree = "<group>";
		};
		20DE25801A00E33C00F8EF7D /* Config */ = {
			isa = PBXGroup;
			children = (
				20DE25811A00E33C00F8EF7D /* story1.plist */,
				20DE25821A00E33C00F8EF7D /* story2.plist */,
				20DE25831A00E33C00F8EF7D /* story3.plist */,
				203D13A91A0B702B005A49B2 /* story4.plist */,
				203D13AB1A0C7B66005A49B2 /* story5.plist */,
				203D13AD1A0CB030005A49B2 /* story6.plist */,
				203D13AF1A0CBA5B005A49B2 /* story7.plist */,
				203D13B11A0CBD02005A49B2 /* story8.plist */,
				20DE25871A00EA2A00F8EF7D /* Config.plist */,
				20015A9B1A159CD100CDCF6F /* Monster.plist */,
				20AD49101A2420EB004D8667 /* monster_rate.plist */,
			);
			path = Config;
			sourceTree = "<group>";
		};
		20E52EC31A25BDDB00AB2A62 /* protocol */ = {
			isa = PBXGroup;
			children = (
				20E52EC41A25BFBD00AB2A62 /* MGYProtocolRiceBoxingObtain.h */,
				20E52EC51A25BFBD00AB2A62 /* MGYProtocolRiceBoxingObtain.m */,
			);
			path = protocol;
			sourceTree = "<group>";
		};
/* End PBXGroup section */

/* Begin PBXNativeTarget section */
		2085C85119B6280C00E9FA3B /* MiGongYi */ = {
			isa = PBXNativeTarget;
			buildConfigurationList = 2085C87E19B6280D00E9FA3B /* Build configuration list for PBXNativeTarget "MiGongYi" */;
			buildPhases = (
				D857B778F41F46F0B47A0EB1 /* Check Pods Manifest.lock */,
				2085C84E19B6280C00E9FA3B /* Sources */,
				2085C84F19B6280C00E9FA3B /* Frameworks */,
				2085C85019B6280C00E9FA3B /* Resources */,
				D6A102FB321A4FB79204169E /* Copy Pods Resources */,
			);
			buildRules = (
			);
			dependencies = (
			);
			name = MiGongYi;
			productName = MiGongYi;
			productReference = 2085C85219B6280C00E9FA3B /* MiGongYi.app */;
			productType = "com.apple.product-type.application";
		};
		2085C86C19B6280D00E9FA3B /* MiGongYiTests */ = {
			isa = PBXNativeTarget;
			buildConfigurationList = 2085C88119B6280D00E9FA3B /* Build configuration list for PBXNativeTarget "MiGongYiTests" */;
			buildPhases = (
				2085C86919B6280D00E9FA3B /* Sources */,
				2085C86A19B6280D00E9FA3B /* Frameworks */,
				2085C86B19B6280D00E9FA3B /* Resources */,
			);
			buildRules = (
			);
			dependencies = (
				2085C87319B6280D00E9FA3B /* PBXTargetDependency */,
			);
			name = MiGongYiTests;
			productName = MiGongYiTests;
			productReference = 2085C86D19B6280D00E9FA3B /* MiGongYiTests.xctest */;
			productType = "com.apple.product-type.bundle.unit-test";
		};
/* End PBXNativeTarget section */

/* Begin PBXProject section */
		2085C84A19B6280C00E9FA3B /* Project object */ = {
			isa = PBXProject;
			attributes = {
				LastUpgradeCheck = 0510;
				ORGANIZATIONNAME = "___FULLUSERNAME___";
				TargetAttributes = {
					2085C85119B6280C00E9FA3B = {
						DevelopmentTeam = LHVTQU6K86;
						SystemCapabilities = {
							com.apple.BackgroundModes = {
								enabled = 1;
							};
						};
					};
					2085C86C19B6280D00E9FA3B = {
						TestTargetID = 2085C85119B6280C00E9FA3B;
					};
				};
			};
			buildConfigurationList = 2085C84D19B6280C00E9FA3B /* Build configuration list for PBXProject "MiGongYi" */;
			compatibilityVersion = "Xcode 3.2";
			developmentRegion = English;
			hasScannedForEncodings = 0;
			knownRegions = (
				en,
				"zh-Hans",
			);
			mainGroup = 2085C84919B6280C00E9FA3B;
			productRefGroup = 2085C85319B6280C00E9FA3B /* Products */;
			projectDirPath = "";
			projectRoot = "";
			targets = (
				2085C85119B6280C00E9FA3B /* MiGongYi */,
				2085C86C19B6280D00E9FA3B /* MiGongYiTests */,
			);
		};
/* End PBXProject section */

/* Begin PBXResourcesBuildPhase section */
		2085C85019B6280C00E9FA3B /* Resources */ = {
			isa = PBXResourcesBuildPhase;
			buildActionMask = 2147483647;
			files = (
				20DE25881A00EA2A00F8EF7D /* Config.plist in Resources */,
				20AD49021A22E02E004D8667 /* Images.xcassets in Resources */,
				20DE25841A00E33C00F8EF7D /* story1.plist in Resources */,
				20DE25851A00E33C00F8EF7D /* story2.plist in Resources */,
				203D13B21A0CBD02005A49B2 /* story8.plist in Resources */,
				20DE25861A00E33C00F8EF7D /* story3.plist in Resources */,
				203D13AC1A0C7B66005A49B2 /* story5.plist in Resources */,
				203D13B01A0CBA5B005A49B2 /* story7.plist in Resources */,
				201EFE3B19ED55AA00B14853 /* Localizable.strings in Resources */,
				201EFE3A19ED55AA00B14853 /* InfoPlist.strings in Resources */,
				203D13AA1A0B702B005A49B2 /* story4.plist in Resources */,
				20AD49111A2420EB004D8667 /* monster_rate.plist in Resources */,
				203D13AE1A0CB030005A49B2 /* story6.plist in Resources */,
				203D14071A111101005A49B2 /* MGYRiceMoveSelectViewController.xib in Resources */,
				203D637119CB027D00116ECA /* Localizable.strings in Resources */,
				203D637019CB027D00116ECA /* InfoPlist.strings in Resources */,
				20015A9C1A159CD100CDCF6F /* Monster.plist in Resources */,
			);
			runOnlyForDeploymentPostprocessing = 0;
		};
		2085C86B19B6280D00E9FA3B /* Resources */ = {
			isa = PBXResourcesBuildPhase;
			buildActionMask = 2147483647;
			files = (
			);
			runOnlyForDeploymentPostprocessing = 0;
		};
/* End PBXResourcesBuildPhase section */

/* Begin PBXShellScriptBuildPhase section */
		D6A102FB321A4FB79204169E /* Copy Pods Resources */ = {
			isa = PBXShellScriptBuildPhase;
			buildActionMask = 2147483647;
			files = (
			);
			inputPaths = (
			);
			name = "Copy Pods Resources";
			outputPaths = (
			);
			runOnlyForDeploymentPostprocessing = 0;
			shellPath = /bin/sh;
			shellScript = "\"${SRCROOT}/Pods/Pods-resources.sh\"\n";
			showEnvVarsInLog = 0;
		};
		D857B778F41F46F0B47A0EB1 /* Check Pods Manifest.lock */ = {
			isa = PBXShellScriptBuildPhase;
			buildActionMask = 2147483647;
			files = (
			);
			inputPaths = (
			);
			name = "Check Pods Manifest.lock";
			outputPaths = (
			);
			runOnlyForDeploymentPostprocessing = 0;
			shellPath = /bin/sh;
			shellScript = "diff \"${PODS_ROOT}/../Podfile.lock\" \"${PODS_ROOT}/Manifest.lock\" > /dev/null\nif [[ $? != 0 ]] ; then\n    cat << EOM\nerror: The sandbox is not in sync with the Podfile.lock. Run 'pod install' or update your CocoaPods installation.\nEOM\n    exit 1\nfi\n";
			showEnvVarsInLog = 0;
		};
/* End PBXShellScriptBuildPhase section */

/* Begin PBXSourcesBuildPhase section */
		2085C84E19B6280C00E9FA3B /* Sources */ = {
			isa = PBXSourcesBuildPhase;
			buildActionMask = 2147483647;
			files = (
				202E2A8A19D8F940000E072B /* MGYMiZhiViewController.m in Sources */,
				2087137C19CFD38B0035B21B /* MGYProjectDetailsTableViewCell.m in Sources */,
				20015AC51A1A24CB00CDCF6F /* MGYRiceMoveSelectTableViewCell.m in Sources */,
				20A2D29A19BAAFC0004C7697 /* DataManager.m in Sources */,
				20DE257319FFDD5600F8EF7D /* MGYStoryNode.m in Sources */,
				202E3FA119C739FD00E58B4E /* MGYGetRiceViewController.m in Sources */,
				202E2AA319DA9E01000E072B /* MGYMiChatLabelView.m in Sources */,
				203D13931A0711C5005A49B2 /* MGYRiceMoveProgressSubView.m in Sources */,
				20AD49081A231D19004D8667 /* MGYRiceBoxingContentViewController.m in Sources */,
				20015AA71A15E40B00CDCF6F /* MGYAccelerometer.m in Sources */,
				202E3F9A19C6CE4500E58B4E /* MGYPersonalDetails.m in Sources */,
				20A2D29419B9E82D004C7697 /* MGYDetailsIcon.m in Sources */,
				2087137F19CFF4670035B21B /* MGYDetailsRelationshipView.m in Sources */,
				20D0BE5719CC36510051BFD2 /* MGYAboutMeViewController.m in Sources */,
				202E2A8D19D910D9000E072B /* MGYMiZhi.m in Sources */,
				20015ABB1A1A192500CDCF6F /* MGYRiceMoveTableViewCell.m in Sources */,
				20D0BE5A19CD2D630051BFD2 /* MGYAboutMeTableViewCell.m in Sources */,
				203D13991A072DD8005A49B2 /* MGYRiceMoveMapTableViewCell.m in Sources */,
				20E445AC19B637EA007B2900 /* MGYTabBarController.m in Sources */,
				201EFE2619E66DE100B14853 /* MGYMiChatMonsterTableViewCell.m in Sources */,
				20CC640A19C2AEDC007230A1 /* MGYProgramChildrenViewController.m in Sources */,
				20DE257019FFDC8E00F8EF7D /* MGYStoryPlayer.m in Sources */,
				20FF32841A1F1B1A00D0247B /* MGYRiceBoxingMonsterProgressView.m in Sources */,
				2087138B19D17D0B0035B21B /* MGYProjectRecent.m in Sources */,
				201EFE2E19EC35DB00B14853 /* MGYMiChatMonsterView.m in Sources */,
				20C86B4919D5547E0028E405 /* MGYMyFavList.m in Sources */,
				20015A901A15051000CDCF6F /* MGYRiceBoxingViewController.m in Sources */,
				203A4BC11A1B264800D14BF8 /* MGYBorderHelpView.m in Sources */,
				201EFE2319E6257600B14853 /* MGYMiChatRecord.m in Sources */,
				20AB14A019F60CA20088106A /* MGYNetRequestSerializer.m in Sources */,
				20C86B4619D513E60028E405 /* MGYRiceRecord.m in Sources */,
				202E2AA619E2E4D4000E072B /* MGYMiChatPickerView.m in Sources */,
				20C86B4319D508BC0028E405 /* MGYRiceFlow.m in Sources */,
				201EFE3E19EF98E200B14853 /* MGYMiChatPhoneListView.m in Sources */,
				201EFE5219F2247800B14853 /* SDTableViewCell.m in Sources */,
				20CC640E19C2FB61007230A1 /* MGYProgressView.m in Sources */,
				203D13961A072B72005A49B2 /* MGYRiceMoveDetailsViewController.m in Sources */,
				203D138D1A039B18005A49B2 /* MGYRiceMoveProgressView.m in Sources */,
				20AB149D19F604C60088106A /* MGYNetOperation.m in Sources */,
				203D13A81A0A75FE005A49B2 /* MGYRiceMoveEquipView.m in Sources */,
				201EFE2A19E9098100B14853 /* MGYShare.m in Sources */,
				2087137919CEA5200035B21B /* MGYProjectDetails.m in Sources */,
				20C1E07E1A1F429700ACA4AA /* JEProgressView.m in Sources */,
				20CC641119C3EDA8007230A1 /* MGYProgramItemViewController.m in Sources */,
				20AD490F1A242045004D8667 /* MGYRiceBoxingMonsterRate.m in Sources */,
				203D139F1A07617B005A49B2 /* MGYRiceMoveDetailsTableViewCell.m in Sources */,
				20E52EC61A25BFBD00AB2A62 /* MGYProtocolRiceBoxingObtain.m in Sources */,
				20015A931A15055800CDCF6F /* MGYBoxingRecord.m in Sources */,
				2085C86619B6280C00E9FA3B /* AppDelegate.m in Sources */,
				203D13901A06195F005A49B2 /* MGYTotalWalk.m in Sources */,
				20015AB51A19EDA500CDCF6F /* MGYRiceMoveDailyView.m in Sources */,
				201EFE5319F2247800B14853 /* SDViewController.m in Sources */,
				2085C86219B6280C00E9FA3B /* main.m in Sources */,
				20015AC81A1AEB4400CDCF6F /* MGYHelpView.m in Sources */,
				20AD49051A231CA1004D8667 /* MGYRiceBoxingContentTableViewCell.m in Sources */,
				20E445A919B63030007B2900 /* BlackMagic.m in Sources */,
				20CC640719C2AAF5007230A1 /* MGYBaseProgressView.m in Sources */,
				20A2D28D19B9DCDC004C7697 /* MGYProgramListCell.m in Sources */,
				20AB14AD19F8A38E0088106A /* MGYWebImageManager.m in Sources */,
				20A2D2A119BE98C5004C7697 /* MGYProject.m in Sources */,
				20015A961A15976200CDCF6F /* MGYGetRiceDataManager.m in Sources */,
				20E52EBC1A25893400AB2A62 /* MGYPublicFunction.m in Sources */,
				20A2D28C19B9DCDC004C7697 /* MGYDetailsViewCell.m in Sources */,
				20AB149A19F6030C0088106A /* MGYNetManager.m in Sources */,
				203D14061A111101005A49B2 /* MGYRiceMoveSelectViewController.m in Sources */,
				203D139C1A075977005A49B2 /* MGYStory.m in Sources */,
				20015AB01A1741CA00CDCF6F /* MGYRiceBoxingDetailsTableViewCell.m in Sources */,
				201EFE2019E5268600B14853 /* MGYMiChatProgressView.m in Sources */,
				202E2A9119D934EE000E072B /* MGYMiChatViewController.m in Sources */,
				203D13A21A08F216005A49B2 /* MGYRiceMoveContentViewController.m in Sources */,
				202E2A9D19DA84A5000E072B /* MGYSubViewController.m in Sources */,
				20015ABF1A1A205E00CDCF6F /* MGYRiceMoveTableViewController.m in Sources */,
				20015AAD1A163E6800CDCF6F /* MGYRiceBoxingDetailsViewController.m in Sources */,
				203D13A51A0A1710005A49B2 /* MGYStoryContentView.m in Sources */,
				20DE25791A00D3F000F8EF7D /* MGYRiceMoveViewController.m in Sources */,
				20AB14A619F75F740088106A /* MGYURLSessionManager.m in Sources */,
				201EFE1D19E3B9B700B14853 /* MGYMiChatDetailsViewController.m in Sources */,
				20015AC21A1A24AF00CDCF6F /* MGYRiceMoveContentTableViewCell.m in Sources */,
				20AB14A919F7B2DE0088106A /* UIImageView+MGYNetworking.m in Sources */,
				2087138819D15D170035B21B /* MGYProjectDevelopmentsTableViewCell.m in Sources */,
				20CC640419C2A807007230A1 /* MGYBaseViewController.m in Sources */,
				202E2A9A19D9620A000E072B /* MGYMiZhiTableViewCell.m in Sources */,
				20AC9F961A0110260038A206 /* MGYStoryManager.m in Sources */,
				203A4BC41A1B6ECB00D14BF8 /* MGYRiceMoveLevelRecord.m in Sources */,
				202E2AA019DA86F2000E072B /* MGYMiChatTableViewCell.m in Sources */,
				2087138519D071930035B21B /* MGYDetailsIconListView.m in Sources */,
				20E52EBF1A25AC8300AB2A62 /* MGYRiceBoxingDetailsHideView.m in Sources */,
				203D636719CAC7E800116ECA /* MGYDetailsViewController.m in Sources */,
			);
			runOnlyForDeploymentPostprocessing = 0;
		};
		2085C86919B6280D00E9FA3B /* Sources */ = {
			isa = PBXSourcesBuildPhase;
			buildActionMask = 2147483647;
			files = (
				2085C87B19B6280D00E9FA3B /* MiGongYiTests.m in Sources */,
			);
			runOnlyForDeploymentPostprocessing = 0;
		};
/* End PBXSourcesBuildPhase section */

/* Begin PBXTargetDependency section */
		2085C87319B6280D00E9FA3B /* PBXTargetDependency */ = {
			isa = PBXTargetDependency;
			target = 2085C85119B6280C00E9FA3B /* MiGongYi */;
			targetProxy = 2085C87219B6280D00E9FA3B /* PBXContainerItemProxy */;
		};
/* End PBXTargetDependency section */

/* Begin PBXVariantGroup section */
		201EFE3619ED55AA00B14853 /* InfoPlist.strings */ = {
			isa = PBXVariantGroup;
			children = (
				201EFE3719ED55AA00B14853 /* en */,
			);
			name = InfoPlist.strings;
			sourceTree = "<group>";
		};
		201EFE3819ED55AA00B14853 /* Localizable.strings */ = {
			isa = PBXVariantGroup;
			children = (
				201EFE3919ED55AA00B14853 /* en */,
			);
			name = Localizable.strings;
			sourceTree = "<group>";
		};
		203D636C19CB027D00116ECA /* InfoPlist.strings */ = {
			isa = PBXVariantGroup;
			children = (
				203D636D19CB027D00116ECA /* zh-Hans */,
			);
			name = InfoPlist.strings;
			sourceTree = "<group>";
		};
		203D636E19CB027D00116ECA /* Localizable.strings */ = {
			isa = PBXVariantGroup;
			children = (
				203D636F19CB027D00116ECA /* zh-Hans */,
			);
			name = Localizable.strings;
			sourceTree = "<group>";
		};
/* End PBXVariantGroup section */

/* Begin XCBuildConfiguration section */
		2085C87C19B6280D00E9FA3B /* Debug */ = {
			isa = XCBuildConfiguration;
			buildSettings = {
				ALWAYS_SEARCH_USER_PATHS = NO;
				CLANG_CXX_LANGUAGE_STANDARD = "gnu++0x";
				CLANG_CXX_LIBRARY = "libc++";
				CLANG_ENABLE_MODULES = YES;
				CLANG_ENABLE_OBJC_ARC = YES;
				CLANG_WARN_BOOL_CONVERSION = YES;
				CLANG_WARN_CONSTANT_CONVERSION = YES;
				CLANG_WARN_DIRECT_OBJC_ISA_USAGE = YES_ERROR;
				CLANG_WARN_EMPTY_BODY = YES;
				CLANG_WARN_ENUM_CONVERSION = YES;
				CLANG_WARN_INT_CONVERSION = YES;
				CLANG_WARN_OBJC_ROOT_CLASS = YES_ERROR;
				CLANG_WARN__DUPLICATE_METHOD_MATCH = YES;
				"CODE_SIGN_IDENTITY[sdk=iphoneos*]" = "iPhone Developer";
				COPY_PHASE_STRIP = NO;
				GCC_C_LANGUAGE_STANDARD = gnu99;
				GCC_DYNAMIC_NO_PIC = NO;
				GCC_OPTIMIZATION_LEVEL = 0;
				GCC_PREPROCESSOR_DEFINITIONS = (
					"DEBUG=1",
					"$(inherited)",
				);
				GCC_SYMBOLS_PRIVATE_EXTERN = NO;
				GCC_WARN_64_TO_32_BIT_CONVERSION = YES;
				GCC_WARN_ABOUT_RETURN_TYPE = YES_ERROR;
				GCC_WARN_UNDECLARED_SELECTOR = YES;
				GCC_WARN_UNINITIALIZED_AUTOS = YES_AGGRESSIVE;
				GCC_WARN_UNUSED_FUNCTION = YES;
				GCC_WARN_UNUSED_VARIABLE = YES;
				IPHONEOS_DEPLOYMENT_TARGET = 7.1;
				ONLY_ACTIVE_ARCH = YES;
				SDKROOT = iphoneos;
				TARGETED_DEVICE_FAMILY = "1,2";
			};
			name = Debug;
		};
		2085C87D19B6280D00E9FA3B /* Release */ = {
			isa = XCBuildConfiguration;
			buildSettings = {
				ALWAYS_SEARCH_USER_PATHS = NO;
				CLANG_CXX_LANGUAGE_STANDARD = "gnu++0x";
				CLANG_CXX_LIBRARY = "libc++";
				CLANG_ENABLE_MODULES = YES;
				CLANG_ENABLE_OBJC_ARC = YES;
				CLANG_WARN_BOOL_CONVERSION = YES;
				CLANG_WARN_CONSTANT_CONVERSION = YES;
				CLANG_WARN_DIRECT_OBJC_ISA_USAGE = YES_ERROR;
				CLANG_WARN_EMPTY_BODY = YES;
				CLANG_WARN_ENUM_CONVERSION = YES;
				CLANG_WARN_INT_CONVERSION = YES;
				CLANG_WARN_OBJC_ROOT_CLASS = YES_ERROR;
				CLANG_WARN__DUPLICATE_METHOD_MATCH = YES;
				"CODE_SIGN_IDENTITY[sdk=iphoneos*]" = "iPhone Developer";
				COPY_PHASE_STRIP = YES;
				ENABLE_NS_ASSERTIONS = NO;
				GCC_C_LANGUAGE_STANDARD = gnu99;
				GCC_WARN_64_TO_32_BIT_CONVERSION = YES;
				GCC_WARN_ABOUT_RETURN_TYPE = YES_ERROR;
				GCC_WARN_UNDECLARED_SELECTOR = YES;
				GCC_WARN_UNINITIALIZED_AUTOS = YES_AGGRESSIVE;
				GCC_WARN_UNUSED_FUNCTION = YES;
				GCC_WARN_UNUSED_VARIABLE = YES;
				IPHONEOS_DEPLOYMENT_TARGET = 7.1;
				SDKROOT = iphoneos;
				TARGETED_DEVICE_FAMILY = "1,2";
				VALIDATE_PRODUCT = YES;
			};
			name = Release;
		};
		2085C87F19B6280D00E9FA3B /* Debug */ = {
			isa = XCBuildConfiguration;
			baseConfigurationReference = 04CD75F1FDE84522A5B19FAD /* Pods.xcconfig */;
			buildSettings = {
				ASSETCATALOG_COMPILER_APPICON_NAME = AppIcon;
				ASSETCATALOG_COMPILER_LAUNCHIMAGE_NAME = LaunchImage;
				CODE_SIGN_IDENTITY = "iPhone Developer";
				"CODE_SIGN_IDENTITY[sdk=iphoneos*]" = "iPhone Developer";
				GCC_PRECOMPILE_PREFIX_HEADER = YES;
				GCC_PREFIX_HEADER = "MiGongYi/MiGongYi-Prefix.pch";
				INFOPLIST_FILE = "MiGongYi/MiGongYi-Info.plist";
				PRODUCT_NAME = "$(TARGET_NAME)";
				PROVISIONING_PROFILE = "";
				WRAPPER_EXTENSION = app;
			};
			name = Debug;
		};
		2085C88019B6280D00E9FA3B /* Release */ = {
			isa = XCBuildConfiguration;
			baseConfigurationReference = 04CD75F1FDE84522A5B19FAD /* Pods.xcconfig */;
			buildSettings = {
				ASSETCATALOG_COMPILER_APPICON_NAME = AppIcon;
				ASSETCATALOG_COMPILER_LAUNCHIMAGE_NAME = LaunchImage;
				CODE_SIGN_IDENTITY = "iPhone Developer";
				"CODE_SIGN_IDENTITY[sdk=iphoneos*]" = "iPhone Developer";
				GCC_PRECOMPILE_PREFIX_HEADER = YES;
				GCC_PREFIX_HEADER = "MiGongYi/MiGongYi-Prefix.pch";
				INFOPLIST_FILE = "MiGongYi/MiGongYi-Info.plist";
				PRODUCT_NAME = "$(TARGET_NAME)";
				PROVISIONING_PROFILE = "";
				WRAPPER_EXTENSION = app;
			};
			name = Release;
		};
		2085C88219B6280D00E9FA3B /* Debug */ = {
			isa = XCBuildConfiguration;
			buildSettings = {
				BUNDLE_LOADER = "$(BUILT_PRODUCTS_DIR)/MiGongYi.app/MiGongYi";
				FRAMEWORK_SEARCH_PATHS = (
					"$(SDKROOT)/Developer/Library/Frameworks",
					"$(inherited)",
					"$(DEVELOPER_FRAMEWORKS_DIR)",
				);
				GCC_PRECOMPILE_PREFIX_HEADER = YES;
				GCC_PREFIX_HEADER = "MiGongYi/MiGongYi-Prefix.pch";
				GCC_PREPROCESSOR_DEFINITIONS = (
					"DEBUG=1",
					"$(inherited)",
				);
				INFOPLIST_FILE = "MiGongYiTests/MiGongYiTests-Info.plist";
				PRODUCT_NAME = "$(TARGET_NAME)";
				TEST_HOST = "$(BUNDLE_LOADER)";
				WRAPPER_EXTENSION = xctest;
			};
			name = Debug;
		};
		2085C88319B6280D00E9FA3B /* Release */ = {
			isa = XCBuildConfiguration;
			buildSettings = {
				BUNDLE_LOADER = "$(BUILT_PRODUCTS_DIR)/MiGongYi.app/MiGongYi";
				FRAMEWORK_SEARCH_PATHS = (
					"$(SDKROOT)/Developer/Library/Frameworks",
					"$(inherited)",
					"$(DEVELOPER_FRAMEWORKS_DIR)",
				);
				GCC_PRECOMPILE_PREFIX_HEADER = YES;
				GCC_PREFIX_HEADER = "MiGongYi/MiGongYi-Prefix.pch";
				INFOPLIST_FILE = "MiGongYiTests/MiGongYiTests-Info.plist";
				PRODUCT_NAME = "$(TARGET_NAME)";
				TEST_HOST = "$(BUNDLE_LOADER)";
				WRAPPER_EXTENSION = xctest;
			};
			name = Release;
		};
/* End XCBuildConfiguration section */

/* Begin XCConfigurationList section */
		2085C84D19B6280C00E9FA3B /* Build configuration list for PBXProject "MiGongYi" */ = {
			isa = XCConfigurationList;
			buildConfigurations = (
				2085C87C19B6280D00E9FA3B /* Debug */,
				2085C87D19B6280D00E9FA3B /* Release */,
			);
			defaultConfigurationIsVisible = 0;
			defaultConfigurationName = Release;
		};
		2085C87E19B6280D00E9FA3B /* Build configuration list for PBXNativeTarget "MiGongYi" */ = {
			isa = XCConfigurationList;
			buildConfigurations = (
				2085C87F19B6280D00E9FA3B /* Debug */,
				2085C88019B6280D00E9FA3B /* Release */,
			);
			defaultConfigurationIsVisible = 0;
			defaultConfigurationName = Release;
		};
		2085C88119B6280D00E9FA3B /* Build configuration list for PBXNativeTarget "MiGongYiTests" */ = {
			isa = XCConfigurationList;
			buildConfigurations = (
				2085C88219B6280D00E9FA3B /* Debug */,
				2085C88319B6280D00E9FA3B /* Release */,
			);
			defaultConfigurationIsVisible = 0;
			defaultConfigurationName = Release;
		};
/* End XCConfigurationList section */
	};
	rootObject = 2085C84A19B6280C00E9FA3B /* Project object */;
}
