// !$*UTF8*$!
{
	archiveVersion = 1;
	classes = {
	};
	objectVersion = 46;
	objects = {

/* Begin PBXBuildFile section */
		202E2A8A19D8F940000E072B /* MGYMiZhiViewController.m in Sources */ = {isa = PBXBuildFile; fileRef = 202E2A8919D8F940000E072B /* MGYMiZhiViewController.m */; };
		202E2A8D19D910D9000E072B /* MGYMiZhi.m in Sources */ = {isa = PBXBuildFile; fileRef = 202E2A8C19D910D9000E072B /* MGYMiZhi.m */; };
		202E3F9A19C6CE4500E58B4E /* MGYPersonalDetails.m in Sources */ = {isa = PBXBuildFile; fileRef = 202E3F9919C6CE4500E58B4E /* MGYPersonalDetails.m */; };
		202E3FA119C739FD00E58B4E /* MGYGetRiceViewController.m in Sources */ = {isa = PBXBuildFile; fileRef = 202E3FA019C739FC00E58B4E /* MGYGetRiceViewController.m */; };
		202E3FA519C869A100E58B4E /* MGYAboutMeItemView.m in Sources */ = {isa = PBXBuildFile; fileRef = 202E3FA419C869A100E58B4E /* MGYAboutMeItemView.m */; };
		203D636719CAC7E800116ECA /* MGYDetailsViewController.m in Sources */ = {isa = PBXBuildFile; fileRef = 203D636619CAC7E800116ECA /* MGYDetailsViewController.m */; };
		203D636A19CAD68000116ECA /* MGYAboutMeItemGroup.m in Sources */ = {isa = PBXBuildFile; fileRef = 203D636919CAD68000116ECA /* MGYAboutMeItemGroup.m */; };
		203D637019CB027D00116ECA /* InfoPlist.strings in Resources */ = {isa = PBXBuildFile; fileRef = 203D636C19CB027D00116ECA /* InfoPlist.strings */; };
		203D637119CB027D00116ECA /* Localizable.strings in Resources */ = {isa = PBXBuildFile; fileRef = 203D636E19CB027D00116ECA /* Localizable.strings */; };
		2085C85619B6280C00E9FA3B /* Foundation.framework in Frameworks */ = {isa = PBXBuildFile; fileRef = 2085C85519B6280C00E9FA3B /* Foundation.framework */; };
		2085C85819B6280C00E9FA3B /* CoreGraphics.framework in Frameworks */ = {isa = PBXBuildFile; fileRef = 2085C85719B6280C00E9FA3B /* CoreGraphics.framework */; };
		2085C85A19B6280C00E9FA3B /* UIKit.framework in Frameworks */ = {isa = PBXBuildFile; fileRef = 2085C85919B6280C00E9FA3B /* UIKit.framework */; };
		2085C86219B6280C00E9FA3B /* main.m in Sources */ = {isa = PBXBuildFile; fileRef = 2085C86119B6280C00E9FA3B /* main.m */; };
		2085C86619B6280C00E9FA3B /* AppDelegate.m in Sources */ = {isa = PBXBuildFile; fileRef = 2085C86519B6280C00E9FA3B /* AppDelegate.m */; };
		2085C86819B6280C00E9FA3B /* Images.xcassets in Resources */ = {isa = PBXBuildFile; fileRef = 2085C86719B6280C00E9FA3B /* Images.xcassets */; };
		2085C86F19B6280D00E9FA3B /* XCTest.framework in Frameworks */ = {isa = PBXBuildFile; fileRef = 2085C86E19B6280D00E9FA3B /* XCTest.framework */; };
		2085C87019B6280D00E9FA3B /* Foundation.framework in Frameworks */ = {isa = PBXBuildFile; fileRef = 2085C85519B6280C00E9FA3B /* Foundation.framework */; };
		2085C87119B6280D00E9FA3B /* UIKit.framework in Frameworks */ = {isa = PBXBuildFile; fileRef = 2085C85919B6280C00E9FA3B /* UIKit.framework */; };
		2085C87B19B6280D00E9FA3B /* MiGongYiTests.m in Sources */ = {isa = PBXBuildFile; fileRef = 2085C87A19B6280D00E9FA3B /* MiGongYiTests.m */; };
		2087137919CEA5200035B21B /* MGYProjectDetails.m in Sources */ = {isa = PBXBuildFile; fileRef = 2087137819CEA5200035B21B /* MGYProjectDetails.m */; };
		2087137C19CFD38B0035B21B /* MGYProjectDetailsTableViewCell.m in Sources */ = {isa = PBXBuildFile; fileRef = 2087137B19CFD38B0035B21B /* MGYProjectDetailsTableViewCell.m */; };
		2087137F19CFF4670035B21B /* MGYDetailsRelationshipView.m in Sources */ = {isa = PBXBuildFile; fileRef = 2087137E19CFF4670035B21B /* MGYDetailsRelationshipView.m */; };
		2087138519D071930035B21B /* MGYDetailsIconListView.m in Sources */ = {isa = PBXBuildFile; fileRef = 2087138419D071930035B21B /* MGYDetailsIconListView.m */; };
		2087138819D15D170035B21B /* MGYProjectDevelopmentsTableViewCell.m in Sources */ = {isa = PBXBuildFile; fileRef = 2087138719D15D170035B21B /* MGYProjectDevelopmentsTableViewCell.m */; };
		2087138B19D17D0B0035B21B /* MGYProjectRecent.m in Sources */ = {isa = PBXBuildFile; fileRef = 2087138A19D17D0B0035B21B /* MGYProjectRecent.m */; };
		20A2D28C19B9DCDC004C7697 /* MGYDetailsViewCell.m in Sources */ = {isa = PBXBuildFile; fileRef = 20A2D28519B9DCDC004C7697 /* MGYDetailsViewCell.m */; };
		20A2D28D19B9DCDC004C7697 /* MGYProgramListCell.m in Sources */ = {isa = PBXBuildFile; fileRef = 20A2D28819B9DCDC004C7697 /* MGYProgramListCell.m */; };
		20A2D29419B9E82D004C7697 /* MGYDetailsIcon.m in Sources */ = {isa = PBXBuildFile; fileRef = 20A2D29319B9E82D004C7697 /* MGYDetailsIcon.m */; };
		20A2D29A19BAAFC0004C7697 /* DataManager.m in Sources */ = {isa = PBXBuildFile; fileRef = 20A2D29919BAAFC0004C7697 /* DataManager.m */; };
		20A2D2A119BE98C5004C7697 /* MGYProject.m in Sources */ = {isa = PBXBuildFile; fileRef = 20A2D2A019BE98C5004C7697 /* MGYProject.m */; };
		20C86B4319D508BC0028E405 /* MGYRiceFlow.m in Sources */ = {isa = PBXBuildFile; fileRef = 20C86B4219D508BC0028E405 /* MGYRiceFlow.m */; };
		20C86B4619D513E60028E405 /* MGYRiceRecord.m in Sources */ = {isa = PBXBuildFile; fileRef = 20C86B4519D513E60028E405 /* MGYRiceRecord.m */; };
		20C86B4919D5547E0028E405 /* MGYMyFavList.m in Sources */ = {isa = PBXBuildFile; fileRef = 20C86B4819D5547E0028E405 /* MGYMyFavList.m */; };
		20CC640419C2A807007230A1 /* MGYBaseViewController.m in Sources */ = {isa = PBXBuildFile; fileRef = 20CC640319C2A807007230A1 /* MGYBaseViewController.m */; };
		20CC640719C2AAF5007230A1 /* MGYBaseProgressView.m in Sources */ = {isa = PBXBuildFile; fileRef = 20CC640619C2AAF5007230A1 /* MGYBaseProgressView.m */; };
		20CC640A19C2AEDC007230A1 /* MGYProgramChildrenViewController.m in Sources */ = {isa = PBXBuildFile; fileRef = 20CC640919C2AEDC007230A1 /* MGYProgramChildrenViewController.m */; };
		20CC640E19C2FB61007230A1 /* MGYProgressView.m in Sources */ = {isa = PBXBuildFile; fileRef = 20CC640D19C2FB61007230A1 /* MGYProgressView.m */; };
		20CC641119C3EDA8007230A1 /* MGYProgramItemViewController.m in Sources */ = {isa = PBXBuildFile; fileRef = 20CC641019C3EDA8007230A1 /* MGYProgramItemViewController.m */; };
		20D0BE5719CC36510051BFD2 /* MGYAboutMeViewController.m in Sources */ = {isa = PBXBuildFile; fileRef = 20D0BE5619CC36510051BFD2 /* MGYAboutMeViewController.m */; };
		20D0BE5A19CD2D630051BFD2 /* MGYAboutMeTableViewCell.m in Sources */ = {isa = PBXBuildFile; fileRef = 20D0BE5919CD2D630051BFD2 /* MGYAboutMeTableViewCell.m */; };
		20E445A919B63030007B2900 /* BlackMagic.m in Sources */ = {isa = PBXBuildFile; fileRef = 20E445A819B63030007B2900 /* BlackMagic.m */; };
		20E445AC19B637EA007B2900 /* MGYTabBarController.m in Sources */ = {isa = PBXBuildFile; fileRef = 20E445AB19B637EA007B2900 /* MGYTabBarController.m */; };
		B4B9B1BC309249DB8C7D74BE /* libPods.a in Frameworks */ = {isa = PBXBuildFile; fileRef = D26A877FB02F41759F0DC181 /* libPods.a */; };
/* End PBXBuildFile section */

/* Begin PBXContainerItemProxy section */
		2085C87219B6280D00E9FA3B /* PBXContainerItemProxy */ = {
			isa = PBXContainerItemProxy;
			containerPortal = 2085C84A19B6280C00E9FA3B /* Project object */;
			proxyType = 1;
			remoteGlobalIDString = 2085C85119B6280C00E9FA3B;
			remoteInfo = MiGongYi;
		};
/* End PBXContainerItemProxy section */

/* Begin PBXFileReference section */
		04CD75F1FDE84522A5B19FAD /* Pods.xcconfig */ = {isa = PBXFileReference; includeInIndex = 1; lastKnownFileType = text.xcconfig; name = Pods.xcconfig; path = Pods/Pods.xcconfig; sourceTree = "<group>"; };
		202E2A8819D8F940000E072B /* MGYMiZhiViewController.h */ = {isa = PBXFileReference; fileEncoding = 4; lastKnownFileType = sourcecode.c.h; path = MGYMiZhiViewController.h; sourceTree = "<group>"; };
		202E2A8919D8F940000E072B /* MGYMiZhiViewController.m */ = {isa = PBXFileReference; fileEncoding = 4; lastKnownFileType = sourcecode.c.objc; path = MGYMiZhiViewController.m; sourceTree = "<group>"; };
		202E2A8B19D910D9000E072B /* MGYMiZhi.h */ = {isa = PBXFileReference; fileEncoding = 4; lastKnownFileType = sourcecode.c.h; path = MGYMiZhi.h; sourceTree = "<group>"; };
		202E2A8C19D910D9000E072B /* MGYMiZhi.m */ = {isa = PBXFileReference; fileEncoding = 4; lastKnownFileType = sourcecode.c.objc; path = MGYMiZhi.m; sourceTree = "<group>"; };
		202E3F9819C6CE4500E58B4E /* MGYPersonalDetails.h */ = {isa = PBXFileReference; fileEncoding = 4; lastKnownFileType = sourcecode.c.h; path = MGYPersonalDetails.h; sourceTree = "<group>"; };
		202E3F9919C6CE4500E58B4E /* MGYPersonalDetails.m */ = {isa = PBXFileReference; fileEncoding = 4; lastKnownFileType = sourcecode.c.objc; path = MGYPersonalDetails.m; sourceTree = "<group>"; };
		202E3F9F19C739FC00E58B4E /* MGYGetRiceViewController.h */ = {isa = PBXFileReference; fileEncoding = 4; lastKnownFileType = sourcecode.c.h; path = MGYGetRiceViewController.h; sourceTree = "<group>"; };
		202E3FA019C739FC00E58B4E /* MGYGetRiceViewController.m */ = {isa = PBXFileReference; fileEncoding = 4; lastKnownFileType = sourcecode.c.objc; path = MGYGetRiceViewController.m; sourceTree = "<group>"; };
		202E3FA319C869A100E58B4E /* MGYAboutMeItemView.h */ = {isa = PBXFileReference; fileEncoding = 4; lastKnownFileType = sourcecode.c.h; path = MGYAboutMeItemView.h; sourceTree = "<group>"; };
		202E3FA419C869A100E58B4E /* MGYAboutMeItemView.m */ = {isa = PBXFileReference; fileEncoding = 4; lastKnownFileType = sourcecode.c.objc; path = MGYAboutMeItemView.m; sourceTree = "<group>"; };
		203D636519CAC7E800116ECA /* MGYDetailsViewController.h */ = {isa = PBXFileReference; fileEncoding = 4; lastKnownFileType = sourcecode.c.h; path = MGYDetailsViewController.h; sourceTree = "<group>"; };
		203D636619CAC7E800116ECA /* MGYDetailsViewController.m */ = {isa = PBXFileReference; fileEncoding = 4; lastKnownFileType = sourcecode.c.objc; path = MGYDetailsViewController.m; sourceTree = "<group>"; };
		203D636819CAD68000116ECA /* MGYAboutMeItemGroup.h */ = {isa = PBXFileReference; fileEncoding = 4; lastKnownFileType = sourcecode.c.h; path = MGYAboutMeItemGroup.h; sourceTree = "<group>"; };
		203D636919CAD68000116ECA /* MGYAboutMeItemGroup.m */ = {isa = PBXFileReference; fileEncoding = 4; lastKnownFileType = sourcecode.c.objc; path = MGYAboutMeItemGroup.m; sourceTree = "<group>"; };
		203D636D19CB027D00116ECA /* zh-Hans */ = {isa = PBXFileReference; lastKnownFileType = text.plist.strings; name = "zh-Hans"; path = InfoPlist.strings; sourceTree = "<group>"; };
		203D636F19CB027D00116ECA /* zh-Hans */ = {isa = PBXFileReference; lastKnownFileType = text.plist.strings; name = "zh-Hans"; path = Localizable.strings; sourceTree = "<group>"; };
		2085C85219B6280C00E9FA3B /* MiGongYi.app */ = {isa = PBXFileReference; explicitFileType = wrapper.application; includeInIndex = 0; path = MiGongYi.app; sourceTree = BUILT_PRODUCTS_DIR; };
		2085C85519B6280C00E9FA3B /* Foundation.framework */ = {isa = PBXFileReference; lastKnownFileType = wrapper.framework; name = Foundation.framework; path = System/Library/Frameworks/Foundation.framework; sourceTree = SDKROOT; };
		2085C85719B6280C00E9FA3B /* CoreGraphics.framework */ = {isa = PBXFileReference; lastKnownFileType = wrapper.framework; name = CoreGraphics.framework; path = System/Library/Frameworks/CoreGraphics.framework; sourceTree = SDKROOT; };
		2085C85919B6280C00E9FA3B /* UIKit.framework */ = {isa = PBXFileReference; lastKnownFileType = wrapper.framework; name = UIKit.framework; path = System/Library/Frameworks/UIKit.framework; sourceTree = SDKROOT; };
		2085C85D19B6280C00E9FA3B /* MiGongYi-Info.plist */ = {isa = PBXFileReference; lastKnownFileType = text.plist.xml; path = "MiGongYi-Info.plist"; sourceTree = "<group>"; };
		2085C86119B6280C00E9FA3B /* main.m */ = {isa = PBXFileReference; lastKnownFileType = sourcecode.c.objc; path = main.m; sourceTree = "<group>"; };
		2085C86319B6280C00E9FA3B /* MiGongYi-Prefix.pch */ = {isa = PBXFileReference; lastKnownFileType = sourcecode.c.h; path = "MiGongYi-Prefix.pch"; sourceTree = "<group>"; };
		2085C86419B6280C00E9FA3B /* AppDelegate.h */ = {isa = PBXFileReference; lastKnownFileType = sourcecode.c.h; path = AppDelegate.h; sourceTree = "<group>"; };
		2085C86519B6280C00E9FA3B /* AppDelegate.m */ = {isa = PBXFileReference; lastKnownFileType = sourcecode.c.objc; path = AppDelegate.m; sourceTree = "<group>"; };
		2085C86719B6280C00E9FA3B /* Images.xcassets */ = {isa = PBXFileReference; lastKnownFileType = folder.assetcatalog; path = Images.xcassets; sourceTree = "<group>"; };
		2085C86D19B6280D00E9FA3B /* MiGongYiTests.xctest */ = {isa = PBXFileReference; explicitFileType = wrapper.cfbundle; includeInIndex = 0; path = MiGongYiTests.xctest; sourceTree = BUILT_PRODUCTS_DIR; };
		2085C86E19B6280D00E9FA3B /* XCTest.framework */ = {isa = PBXFileReference; lastKnownFileType = wrapper.framework; name = XCTest.framework; path = Library/Frameworks/XCTest.framework; sourceTree = DEVELOPER_DIR; };
		2085C87619B6280D00E9FA3B /* MiGongYiTests-Info.plist */ = {isa = PBXFileReference; lastKnownFileType = text.plist.xml; path = "MiGongYiTests-Info.plist"; sourceTree = "<group>"; };
		2085C87A19B6280D00E9FA3B /* MiGongYiTests.m */ = {isa = PBXFileReference; lastKnownFileType = sourcecode.c.objc; path = MiGongYiTests.m; sourceTree = "<group>"; };
		2087137719CEA5200035B21B /* MGYProjectDetails.h */ = {isa = PBXFileReference; fileEncoding = 4; lastKnownFileType = sourcecode.c.h; path = MGYProjectDetails.h; sourceTree = "<group>"; };
		2087137819CEA5200035B21B /* MGYProjectDetails.m */ = {isa = PBXFileReference; fileEncoding = 4; lastKnownFileType = sourcecode.c.objc; path = MGYProjectDetails.m; sourceTree = "<group>"; };
		2087137A19CFD38B0035B21B /* MGYProjectDetailsTableViewCell.h */ = {isa = PBXFileReference; fileEncoding = 4; lastKnownFileType = sourcecode.c.h; path = MGYProjectDetailsTableViewCell.h; sourceTree = "<group>"; };
		2087137B19CFD38B0035B21B /* MGYProjectDetailsTableViewCell.m */ = {isa = PBXFileReference; fileEncoding = 4; lastKnownFileType = sourcecode.c.objc; path = MGYProjectDetailsTableViewCell.m; sourceTree = "<group>"; };
		2087137D19CFF4670035B21B /* MGYDetailsRelationshipView.h */ = {isa = PBXFileReference; fileEncoding = 4; lastKnownFileType = sourcecode.c.h; path = MGYDetailsRelationshipView.h; sourceTree = "<group>"; };
		2087137E19CFF4670035B21B /* MGYDetailsRelationshipView.m */ = {isa = PBXFileReference; fileEncoding = 4; lastKnownFileType = sourcecode.c.objc; path = MGYDetailsRelationshipView.m; sourceTree = "<group>"; };
		2087138319D071930035B21B /* MGYDetailsIconListView.h */ = {isa = PBXFileReference; fileEncoding = 4; lastKnownFileType = sourcecode.c.h; path = MGYDetailsIconListView.h; sourceTree = "<group>"; };
		2087138419D071930035B21B /* MGYDetailsIconListView.m */ = {isa = PBXFileReference; fileEncoding = 4; lastKnownFileType = sourcecode.c.objc; path = MGYDetailsIconListView.m; sourceTree = "<group>"; };
		2087138619D15D170035B21B /* MGYProjectDevelopmentsTableViewCell.h */ = {isa = PBXFileReference; fileEncoding = 4; lastKnownFileType = sourcecode.c.h; path = MGYProjectDevelopmentsTableViewCell.h; sourceTree = "<group>"; };
		2087138719D15D170035B21B /* MGYProjectDevelopmentsTableViewCell.m */ = {isa = PBXFileReference; fileEncoding = 4; lastKnownFileType = sourcecode.c.objc; path = MGYProjectDevelopmentsTableViewCell.m; sourceTree = "<group>"; };
		2087138919D17D0B0035B21B /* MGYProjectRecent.h */ = {isa = PBXFileReference; fileEncoding = 4; lastKnownFileType = sourcecode.c.h; path = MGYProjectRecent.h; sourceTree = "<group>"; };
		2087138A19D17D0B0035B21B /* MGYProjectRecent.m */ = {isa = PBXFileReference; fileEncoding = 4; lastKnownFileType = sourcecode.c.objc; path = MGYProjectRecent.m; sourceTree = "<group>"; };
		20A2D28419B9DCDC004C7697 /* MGYDetailsViewCell.h */ = {isa = PBXFileReference; fileEncoding = 4; lastKnownFileType = sourcecode.c.h; path = MGYDetailsViewCell.h; sourceTree = "<group>"; };
		20A2D28519B9DCDC004C7697 /* MGYDetailsViewCell.m */ = {isa = PBXFileReference; fileEncoding = 4; lastKnownFileType = sourcecode.c.objc; path = MGYDetailsViewCell.m; sourceTree = "<group>"; };
		20A2D28719B9DCDC004C7697 /* MGYProgramListCell.h */ = {isa = PBXFileReference; fileEncoding = 4; lastKnownFileType = sourcecode.c.h; path = MGYProgramListCell.h; sourceTree = "<group>"; };
		20A2D28819B9DCDC004C7697 /* MGYProgramListCell.m */ = {isa = PBXFileReference; fileEncoding = 4; lastKnownFileType = sourcecode.c.objc; path = MGYProgramListCell.m; sourceTree = "<group>"; };
		20A2D29219B9E82D004C7697 /* MGYDetailsIcon.h */ = {isa = PBXFileReference; fileEncoding = 4; lastKnownFileType = sourcecode.c.h; name = MGYDetailsIcon.h; path = ../../Common/MGYDetailsIcon.h; sourceTree = "<group>"; };
		20A2D29319B9E82D004C7697 /* MGYDetailsIcon.m */ = {isa = PBXFileReference; fileEncoding = 4; lastKnownFileType = sourcecode.c.objc; name = MGYDetailsIcon.m; path = ../../Common/MGYDetailsIcon.m; sourceTree = "<group>"; };
		20A2D29819BAAFC0004C7697 /* DataManager.h */ = {isa = PBXFileReference; fileEncoding = 4; lastKnownFileType = sourcecode.c.h; path = DataManager.h; sourceTree = "<group>"; };
		20A2D29919BAAFC0004C7697 /* DataManager.m */ = {isa = PBXFileReference; fileEncoding = 4; lastKnownFileType = sourcecode.c.objc; path = DataManager.m; sourceTree = "<group>"; };
		20A2D29F19BE98C5004C7697 /* MGYProject.h */ = {isa = PBXFileReference; fileEncoding = 4; lastKnownFileType = sourcecode.c.h; path = MGYProject.h; sourceTree = "<group>"; };
		20A2D2A019BE98C5004C7697 /* MGYProject.m */ = {isa = PBXFileReference; fileEncoding = 4; lastKnownFileType = sourcecode.c.objc; path = MGYProject.m; sourceTree = "<group>"; };
		20C86B4119D508BC0028E405 /* MGYRiceFlow.h */ = {isa = PBXFileReference; fileEncoding = 4; lastKnownFileType = sourcecode.c.h; path = MGYRiceFlow.h; sourceTree = "<group>"; };
		20C86B4219D508BC0028E405 /* MGYRiceFlow.m */ = {isa = PBXFileReference; fileEncoding = 4; lastKnownFileType = sourcecode.c.objc; path = MGYRiceFlow.m; sourceTree = "<group>"; };
		20C86B4419D513E60028E405 /* MGYRiceRecord.h */ = {isa = PBXFileReference; fileEncoding = 4; lastKnownFileType = sourcecode.c.h; path = MGYRiceRecord.h; sourceTree = "<group>"; };
		20C86B4519D513E60028E405 /* MGYRiceRecord.m */ = {isa = PBXFileReference; fileEncoding = 4; lastKnownFileType = sourcecode.c.objc; path = MGYRiceRecord.m; sourceTree = "<group>"; };
		20C86B4719D5547E0028E405 /* MGYMyFavList.h */ = {isa = PBXFileReference; fileEncoding = 4; lastKnownFileType = sourcecode.c.h; path = MGYMyFavList.h; sourceTree = "<group>"; };
		20C86B4819D5547E0028E405 /* MGYMyFavList.m */ = {isa = PBXFileReference; fileEncoding = 4; lastKnownFileType = sourcecode.c.objc; path = MGYMyFavList.m; sourceTree = "<group>"; };
		20CC640219C2A807007230A1 /* MGYBaseViewController.h */ = {isa = PBXFileReference; fileEncoding = 4; lastKnownFileType = sourcecode.c.h; path = MGYBaseViewController.h; sourceTree = "<group>"; };
		20CC640319C2A807007230A1 /* MGYBaseViewController.m */ = {isa = PBXFileReference; fileEncoding = 4; lastKnownFileType = sourcecode.c.objc; path = MGYBaseViewController.m; sourceTree = "<group>"; };
		20CC640519C2AAF5007230A1 /* MGYBaseProgressView.h */ = {isa = PBXFileReference; fileEncoding = 4; lastKnownFileType = sourcecode.c.h; path = MGYBaseProgressView.h; sourceTree = "<group>"; };
		20CC640619C2AAF5007230A1 /* MGYBaseProgressView.m */ = {isa = PBXFileReference; fileEncoding = 4; lastKnownFileType = sourcecode.c.objc; path = MGYBaseProgressView.m; sourceTree = "<group>"; };
		20CC640819C2AEDC007230A1 /* MGYProgramChildrenViewController.h */ = {isa = PBXFileReference; fileEncoding = 4; lastKnownFileType = sourcecode.c.h; path = MGYProgramChildrenViewController.h; sourceTree = "<group>"; };
		20CC640919C2AEDC007230A1 /* MGYProgramChildrenViewController.m */ = {isa = PBXFileReference; fileEncoding = 4; lastKnownFileType = sourcecode.c.objc; path = MGYProgramChildrenViewController.m; sourceTree = "<group>"; };
		20CC640C19C2FB61007230A1 /* MGYProgressView.h */ = {isa = PBXFileReference; fileEncoding = 4; lastKnownFileType = sourcecode.c.h; path = MGYProgressView.h; sourceTree = "<group>"; };
		20CC640D19C2FB61007230A1 /* MGYProgressView.m */ = {isa = PBXFileReference; fileEncoding = 4; lastKnownFileType = sourcecode.c.objc; path = MGYProgressView.m; sourceTree = "<group>"; };
		20CC640F19C3EDA8007230A1 /* MGYProgramItemViewController.h */ = {isa = PBXFileReference; fileEncoding = 4; lastKnownFileType = sourcecode.c.h; path = MGYProgramItemViewController.h; sourceTree = "<group>"; };
		20CC641019C3EDA8007230A1 /* MGYProgramItemViewController.m */ = {isa = PBXFileReference; fileEncoding = 4; lastKnownFileType = sourcecode.c.objc; path = MGYProgramItemViewController.m; sourceTree = "<group>"; };
		20D0BE5519CC36510051BFD2 /* MGYAboutMeViewController.h */ = {isa = PBXFileReference; fileEncoding = 4; lastKnownFileType = sourcecode.c.h; name = MGYAboutMeViewController.h; path = MiGongYi/Ui/MGYAboutMeViewController.h; sourceTree = SOURCE_ROOT; };
		20D0BE5619CC36510051BFD2 /* MGYAboutMeViewController.m */ = {isa = PBXFileReference; fileEncoding = 4; lastKnownFileType = sourcecode.c.objc; name = MGYAboutMeViewController.m; path = MiGongYi/Ui/MGYAboutMeViewController.m; sourceTree = SOURCE_ROOT; };
		20D0BE5819CD2D630051BFD2 /* MGYAboutMeTableViewCell.h */ = {isa = PBXFileReference; fileEncoding = 4; lastKnownFileType = sourcecode.c.h; path = MGYAboutMeTableViewCell.h; sourceTree = "<group>"; };
		20D0BE5919CD2D630051BFD2 /* MGYAboutMeTableViewCell.m */ = {isa = PBXFileReference; fileEncoding = 4; lastKnownFileType = sourcecode.c.objc; path = MGYAboutMeTableViewCell.m; sourceTree = "<group>"; };
		20E445A719B63030007B2900 /* BlackMagic.h */ = {isa = PBXFileReference; fileEncoding = 4; lastKnownFileType = sourcecode.c.h; path = BlackMagic.h; sourceTree = "<group>"; };
		20E445A819B63030007B2900 /* BlackMagic.m */ = {isa = PBXFileReference; fileEncoding = 4; lastKnownFileType = sourcecode.c.objc; path = BlackMagic.m; sourceTree = "<group>"; };
		20E445AA19B637EA007B2900 /* MGYTabBarController.h */ = {isa = PBXFileReference; fileEncoding = 4; lastKnownFileType = sourcecode.c.h; path = MGYTabBarController.h; sourceTree = "<group>"; };
		20E445AB19B637EA007B2900 /* MGYTabBarController.m */ = {isa = PBXFileReference; fileEncoding = 4; lastKnownFileType = sourcecode.c.objc; path = MGYTabBarController.m; sourceTree = "<group>"; };
		D26A877FB02F41759F0DC181 /* libPods.a */ = {isa = PBXFileReference; explicitFileType = archive.ar; includeInIndex = 0; path = libPods.a; sourceTree = BUILT_PRODUCTS_DIR; };
/* End PBXFileReference section */

/* Begin PBXFrameworksBuildPhase section */
		2085C84F19B6280C00E9FA3B /* Frameworks */ = {
			isa = PBXFrameworksBuildPhase;
			buildActionMask = 2147483647;
			files = (
				2085C85819B6280C00E9FA3B /* CoreGraphics.framework in Frameworks */,
				2085C85A19B6280C00E9FA3B /* UIKit.framework in Frameworks */,
				2085C85619B6280C00E9FA3B /* Foundation.framework in Frameworks */,
				B4B9B1BC309249DB8C7D74BE /* libPods.a in Frameworks */,
			);
			runOnlyForDeploymentPostprocessing = 0;
		};
		2085C86A19B6280D00E9FA3B /* Frameworks */ = {
			isa = PBXFrameworksBuildPhase;
			buildActionMask = 2147483647;
			files = (
				2085C86F19B6280D00E9FA3B /* XCTest.framework in Frameworks */,
				2085C87119B6280D00E9FA3B /* UIKit.framework in Frameworks */,
				2085C87019B6280D00E9FA3B /* Foundation.framework in Frameworks */,
			);
			runOnlyForDeploymentPostprocessing = 0;
		};
/* End PBXFrameworksBuildPhase section */

/* Begin PBXGroup section */
		202E2A8619D8F929000E072B /* GetRice */ = {
			isa = PBXGroup;
			children = (
				202E2A8719D8F929000E072B /* MiZhi */,
			);
			path = GetRice;
			sourceTree = "<group>";
		};
		202E2A8719D8F929000E072B /* MiZhi */ = {
			isa = PBXGroup;
			children = (
				202E2A8819D8F940000E072B /* MGYMiZhiViewController.h */,
				202E2A8919D8F940000E072B /* MGYMiZhiViewController.m */,
			);
			path = MiZhi;
			sourceTree = "<group>";
		};
		202E3FA219C8698400E58B4E /* AboutMe */ = {
			isa = PBXGroup;
			children = (
				202E3FA319C869A100E58B4E /* MGYAboutMeItemView.h */,
				202E3FA419C869A100E58B4E /* MGYAboutMeItemView.m */,
				203D636819CAD68000116ECA /* MGYAboutMeItemGroup.h */,
				203D636919CAD68000116ECA /* MGYAboutMeItemGroup.m */,
				20D0BE5819CD2D630051BFD2 /* MGYAboutMeTableViewCell.h */,
				20D0BE5919CD2D630051BFD2 /* MGYAboutMeTableViewCell.m */,
			);
			name = AboutMe;
			path = AboutME;
			sourceTree = "<group>";
		};
		203D636B19CB027D00116ECA /* zh-Hans.lproj */ = {
			isa = PBXGroup;
			children = (
				203D636C19CB027D00116ECA /* InfoPlist.strings */,
				203D636E19CB027D00116ECA /* Localizable.strings */,
			);
			path = "zh-Hans.lproj";
			sourceTree = "<group>";
		};
		2085C84919B6280C00E9FA3B = {
			isa = PBXGroup;
			children = (
				2085C85B19B6280C00E9FA3B /* MiGongYi */,
				2085C87419B6280D00E9FA3B /* MiGongYiTests */,
				2085C85419B6280C00E9FA3B /* Frameworks */,
				2085C85319B6280C00E9FA3B /* Products */,
				04CD75F1FDE84522A5B19FAD /* Pods.xcconfig */,
			);
			sourceTree = "<group>";
		};
		2085C85319B6280C00E9FA3B /* Products */ = {
			isa = PBXGroup;
			children = (
				2085C85219B6280C00E9FA3B /* MiGongYi.app */,
				2085C86D19B6280D00E9FA3B /* MiGongYiTests.xctest */,
			);
			name = Products;
			sourceTree = "<group>";
		};
		2085C85419B6280C00E9FA3B /* Frameworks */ = {
			isa = PBXGroup;
			children = (
				2085C85519B6280C00E9FA3B /* Foundation.framework */,
				2085C85719B6280C00E9FA3B /* CoreGraphics.framework */,
				2085C85919B6280C00E9FA3B /* UIKit.framework */,
				2085C86E19B6280D00E9FA3B /* XCTest.framework */,
				D26A877FB02F41759F0DC181 /* libPods.a */,
			);
			name = Frameworks;
			sourceTree = "<group>";
		};
		2085C85B19B6280C00E9FA3B /* MiGongYi */ = {
			isa = PBXGroup;
			children = (
				203D636B19CB027D00116ECA /* zh-Hans.lproj */,
				20A2D29E19BE97C6004C7697 /* Model */,
				20A2D27C19B9DB89004C7697 /* Common */,
				20A2D28019B9DCDC004C7697 /* Ui */,
				2085C86419B6280C00E9FA3B /* AppDelegate.h */,
				2085C86519B6280C00E9FA3B /* AppDelegate.m */,
				2085C86719B6280C00E9FA3B /* Images.xcassets */,
				2085C85C19B6280C00E9FA3B /* Supporting Files */,
				20E445A719B63030007B2900 /* BlackMagic.h */,
				20E445A819B63030007B2900 /* BlackMagic.m */,
				20E445AA19B637EA007B2900 /* MGYTabBarController.h */,
				20A2D29819BAAFC0004C7697 /* DataManager.h */,
				20A2D29919BAAFC0004C7697 /* DataManager.m */,
				20E445AB19B637EA007B2900 /* MGYTabBarController.m */,
			);
			path = MiGongYi;
			sourceTree = "<group>";
		};
		2085C85C19B6280C00E9FA3B /* Supporting Files */ = {
			isa = PBXGroup;
			children = (
				2085C85D19B6280C00E9FA3B /* MiGongYi-Info.plist */,
				2085C86119B6280C00E9FA3B /* main.m */,
				2085C86319B6280C00E9FA3B /* MiGongYi-Prefix.pch */,
			);
			name = "Supporting Files";
			sourceTree = "<group>";
		};
		2085C87419B6280D00E9FA3B /* MiGongYiTests */ = {
			isa = PBXGroup;
			children = (
				2085C87A19B6280D00E9FA3B /* MiGongYiTests.m */,
				2085C87519B6280D00E9FA3B /* Supporting Files */,
			);
			path = MiGongYiTests;
			sourceTree = "<group>";
		};
		2085C87519B6280D00E9FA3B /* Supporting Files */ = {
			isa = PBXGroup;
			children = (
				2085C87619B6280D00E9FA3B /* MiGongYiTests-Info.plist */,
			);
			name = "Supporting Files";
			sourceTree = "<group>";
		};
		20A2D27C19B9DB89004C7697 /* Common */ = {
			isa = PBXGroup;
			children = (
			);
			path = Common;
			sourceTree = "<group>";
		};
		20A2D28019B9DCDC004C7697 /* Ui */ = {
			isa = PBXGroup;
			children = (
				202E2A8619D8F929000E072B /* GetRice */,
				202E3FA219C8698400E58B4E /* AboutMe */,
				20CC640119C2A7ED007230A1 /* Template */,
				20A2D28619B9DCDC004C7697 /* Program */,
				20A2D28119B9DCDC004C7697 /* Details */,
				20CC640819C2AEDC007230A1 /* MGYProgramChildrenViewController.h */,
				20CC640919C2AEDC007230A1 /* MGYProgramChildrenViewController.m */,
				20CC640F19C3EDA8007230A1 /* MGYProgramItemViewController.h */,
				20CC641019C3EDA8007230A1 /* MGYProgramItemViewController.m */,
				202E3F9F19C739FC00E58B4E /* MGYGetRiceViewController.h */,
				202E3FA019C739FC00E58B4E /* MGYGetRiceViewController.m */,
				20D0BE5519CC36510051BFD2 /* MGYAboutMeViewController.h */,
				20D0BE5619CC36510051BFD2 /* MGYAboutMeViewController.m */,
			);
			path = Ui;
			sourceTree = "<group>";
		};
		20A2D28119B9DCDC004C7697 /* Details */ = {
			isa = PBXGroup;
			children = (
				20A2D29219B9E82D004C7697 /* MGYDetailsIcon.h */,
				20A2D29319B9E82D004C7697 /* MGYDetailsIcon.m */,
				20A2D28419B9DCDC004C7697 /* MGYDetailsViewCell.h */,
				20A2D28519B9DCDC004C7697 /* MGYDetailsViewCell.m */,
				203D636519CAC7E800116ECA /* MGYDetailsViewController.h */,
				203D636619CAC7E800116ECA /* MGYDetailsViewController.m */,
				2087137A19CFD38B0035B21B /* MGYProjectDetailsTableViewCell.h */,
				2087137B19CFD38B0035B21B /* MGYProjectDetailsTableViewCell.m */,
				2087137D19CFF4670035B21B /* MGYDetailsRelationshipView.h */,
				2087137E19CFF4670035B21B /* MGYDetailsRelationshipView.m */,
				2087138319D071930035B21B /* MGYDetailsIconListView.h */,
				2087138419D071930035B21B /* MGYDetailsIconListView.m */,
				2087138619D15D170035B21B /* MGYProjectDevelopmentsTableViewCell.h */,
				2087138719D15D170035B21B /* MGYProjectDevelopmentsTableViewCell.m */,
			);
			path = Details;
			sourceTree = "<group>";
		};
		20A2D28619B9DCDC004C7697 /* Program */ = {
			isa = PBXGroup;
			children = (
				20A2D28719B9DCDC004C7697 /* MGYProgramListCell.h */,
				20A2D28819B9DCDC004C7697 /* MGYProgramListCell.m */,
			);
			path = Program;
			sourceTree = "<group>";
		};
		20A2D29E19BE97C6004C7697 /* Model */ = {
			isa = PBXGroup;
			children = (
				20A2D29F19BE98C5004C7697 /* MGYProject.h */,
				20A2D2A019BE98C5004C7697 /* MGYProject.m */,
				202E3F9819C6CE4500E58B4E /* MGYPersonalDetails.h */,
				202E3F9919C6CE4500E58B4E /* MGYPersonalDetails.m */,
				2087137719CEA5200035B21B /* MGYProjectDetails.h */,
				2087137819CEA5200035B21B /* MGYProjectDetails.m */,
				2087138919D17D0B0035B21B /* MGYProjectRecent.h */,
				2087138A19D17D0B0035B21B /* MGYProjectRecent.m */,
				20C86B4119D508BC0028E405 /* MGYRiceFlow.h */,
				20C86B4219D508BC0028E405 /* MGYRiceFlow.m */,
				20C86B4419D513E60028E405 /* MGYRiceRecord.h */,
				20C86B4519D513E60028E405 /* MGYRiceRecord.m */,
				20C86B4719D5547E0028E405 /* MGYMyFavList.h */,
				20C86B4819D5547E0028E405 /* MGYMyFavList.m */,
				202E2A8B19D910D9000E072B /* MGYMiZhi.h */,
				202E2A8C19D910D9000E072B /* MGYMiZhi.m */,
			);
			path = Model;
			sourceTree = "<group>";
		};
		20CC640119C2A7ED007230A1 /* Template */ = {
			isa = PBXGroup;
			children = (
				20CC640B19C2FA9C007230A1 /* Cell */,
				20CC640219C2A807007230A1 /* MGYBaseViewController.h */,
				20CC640319C2A807007230A1 /* MGYBaseViewController.m */,
				20CC640519C2AAF5007230A1 /* MGYBaseProgressView.h */,
				20CC640619C2AAF5007230A1 /* MGYBaseProgressView.m */,
				20CC640C19C2FB61007230A1 /* MGYProgressView.h */,
				20CC640D19C2FB61007230A1 /* MGYProgressView.m */,
			);
			path = Template;
			sourceTree = "<group>";
		};
		20CC640B19C2FA9C007230A1 /* Cell */ = {
			isa = PBXGroup;
			children = (
			);
			path = Cell;
			sourceTree = "<group>";
		};
/* End PBXGroup section */

/* Begin PBXNativeTarget section */
		2085C85119B6280C00E9FA3B /* MiGongYi */ = {
			isa = PBXNativeTarget;
			buildConfigurationList = 2085C87E19B6280D00E9FA3B /* Build configuration list for PBXNativeTarget "MiGongYi" */;
			buildPhases = (
				D857B778F41F46F0B47A0EB1 /* Check Pods Manifest.lock */,
				2085C84E19B6280C00E9FA3B /* Sources */,
				2085C84F19B6280C00E9FA3B /* Frameworks */,
				2085C85019B6280C00E9FA3B /* Resources */,
				D6A102FB321A4FB79204169E /* Copy Pods Resources */,
			);
			buildRules = (
			);
			dependencies = (
			);
			name = MiGongYi;
			productName = MiGongYi;
			productReference = 2085C85219B6280C00E9FA3B /* MiGongYi.app */;
			productType = "com.apple.product-type.application";
		};
		2085C86C19B6280D00E9FA3B /* MiGongYiTests */ = {
			isa = PBXNativeTarget;
			buildConfigurationList = 2085C88119B6280D00E9FA3B /* Build configuration list for PBXNativeTarget "MiGongYiTests" */;
			buildPhases = (
				2085C86919B6280D00E9FA3B /* Sources */,
				2085C86A19B6280D00E9FA3B /* Frameworks */,
				2085C86B19B6280D00E9FA3B /* Resources */,
			);
			buildRules = (
			);
			dependencies = (
				2085C87319B6280D00E9FA3B /* PBXTargetDependency */,
			);
			name = MiGongYiTests;
			productName = MiGongYiTests;
			productReference = 2085C86D19B6280D00E9FA3B /* MiGongYiTests.xctest */;
			productType = "com.apple.product-type.bundle.unit-test";
		};
/* End PBXNativeTarget section */

/* Begin PBXProject section */
		2085C84A19B6280C00E9FA3B /* Project object */ = {
			isa = PBXProject;
			attributes = {
				LastUpgradeCheck = 0510;
				ORGANIZATIONNAME = "___FULLUSERNAME___";
				TargetAttributes = {
					2085C85119B6280C00E9FA3B = {
						DevelopmentTeam = LHVTQU6K86;
					};
					2085C86C19B6280D00E9FA3B = {
						TestTargetID = 2085C85119B6280C00E9FA3B;
					};
				};
			};
			buildConfigurationList = 2085C84D19B6280C00E9FA3B /* Build configuration list for PBXProject "MiGongYi" */;
			compatibilityVersion = "Xcode 3.2";
			developmentRegion = English;
			hasScannedForEncodings = 0;
			knownRegions = (
				en,
				"zh-Hans",
			);
			mainGroup = 2085C84919B6280C00E9FA3B;
			productRefGroup = 2085C85319B6280C00E9FA3B /* Products */;
			projectDirPath = "";
			projectRoot = "";
			targets = (
				2085C85119B6280C00E9FA3B /* MiGongYi */,
				2085C86C19B6280D00E9FA3B /* MiGongYiTests */,
			);
		};
/* End PBXProject section */

/* Begin PBXResourcesBuildPhase section */
		2085C85019B6280C00E9FA3B /* Resources */ = {
			isa = PBXResourcesBuildPhase;
			buildActionMask = 2147483647;
			files = (
				2085C86819B6280C00E9FA3B /* Images.xcassets in Resources */,
				203D637119CB027D00116ECA /* Localizable.strings in Resources */,
				203D637019CB027D00116ECA /* InfoPlist.strings in Resources */,
			);
			runOnlyForDeploymentPostprocessing = 0;
		};
		2085C86B19B6280D00E9FA3B /* Resources */ = {
			isa = PBXResourcesBuildPhase;
			buildActionMask = 2147483647;
			files = (
			);
			runOnlyForDeploymentPostprocessing = 0;
		};
/* End PBXResourcesBuildPhase section */

/* Begin PBXShellScriptBuildPhase section */
		D6A102FB321A4FB79204169E /* Copy Pods Resources */ = {
			isa = PBXShellScriptBuildPhase;
			buildActionMask = 2147483647;
			files = (
			);
			inputPaths = (
			);
			name = "Copy Pods Resources";
			outputPaths = (
			);
			runOnlyForDeploymentPostprocessing = 0;
			shellPath = /bin/sh;
			shellScript = "\"${SRCROOT}/Pods/Pods-resources.sh\"\n";
			showEnvVarsInLog = 0;
		};
		D857B778F41F46F0B47A0EB1 /* Check Pods Manifest.lock */ = {
			isa = PBXShellScriptBuildPhase;
			buildActionMask = 2147483647;
			files = (
			);
			inputPaths = (
			);
			name = "Check Pods Manifest.lock";
			outputPaths = (
			);
			runOnlyForDeploymentPostprocessing = 0;
			shellPath = /bin/sh;
			shellScript = "diff \"${PODS_ROOT}/../Podfile.lock\" \"${PODS_ROOT}/Manifest.lock\" > /dev/null\nif [[ $? != 0 ]] ; then\n    cat << EOM\nerror: The sandbox is not in sync with the Podfile.lock. Run 'pod install' or update your CocoaPods installation.\nEOM\n    exit 1\nfi\n";
			showEnvVarsInLog = 0;
		};
/* End PBXShellScriptBuildPhase section */

/* Begin PBXSourcesBuildPhase section */
		2085C84E19B6280C00E9FA3B /* Sources */ = {
			isa = PBXSourcesBuildPhase;
			buildActionMask = 2147483647;
			files = (
				202E2A8A19D8F940000E072B /* MGYMiZhiViewController.m in Sources */,
				2087137C19CFD38B0035B21B /* MGYProjectDetailsTableViewCell.m in Sources */,
				20A2D29A19BAAFC0004C7697 /* DataManager.m in Sources */,
				202E3FA119C739FD00E58B4E /* MGYGetRiceViewController.m in Sources */,
				202E3F9A19C6CE4500E58B4E /* MGYPersonalDetails.m in Sources */,
				20A2D29419B9E82D004C7697 /* MGYDetailsIcon.m in Sources */,
				2087137F19CFF4670035B21B /* MGYDetailsRelationshipView.m in Sources */,
				20D0BE5719CC36510051BFD2 /* MGYAboutMeViewController.m in Sources */,
				202E2A8D19D910D9000E072B /* MGYMiZhi.m in Sources */,
				20D0BE5A19CD2D630051BFD2 /* MGYAboutMeTableViewCell.m in Sources */,
				20E445AC19B637EA007B2900 /* MGYTabBarController.m in Sources */,
				20CC640A19C2AEDC007230A1 /* MGYProgramChildrenViewController.m in Sources */,
				2087138B19D17D0B0035B21B /* MGYProjectRecent.m in Sources */,
				20C86B4919D5547E0028E405 /* MGYMyFavList.m in Sources */,
				20C86B4619D513E60028E405 /* MGYRiceRecord.m in Sources */,
				20C86B4319D508BC0028E405 /* MGYRiceFlow.m in Sources */,
				20CC640E19C2FB61007230A1 /* MGYProgressView.m in Sources */,
				202E3FA519C869A100E58B4E /* MGYAboutMeItemView.m in Sources */,
				2087137919CEA5200035B21B /* MGYProjectDetails.m in Sources */,
				20CC641119C3EDA8007230A1 /* MGYProgramItemViewController.m in Sources */,
				2085C86619B6280C00E9FA3B /* AppDelegate.m in Sources */,
				2085C86219B6280C00E9FA3B /* main.m in Sources */,
				20E445A919B63030007B2900 /* BlackMagic.m in Sources */,
				20CC640719C2AAF5007230A1 /* MGYBaseProgressView.m in Sources */,
				20A2D28D19B9DCDC004C7697 /* MGYProgramListCell.m in Sources */,
				20A2D2A119BE98C5004C7697 /* MGYProject.m in Sources */,
				20A2D28C19B9DCDC004C7697 /* MGYDetailsViewCell.m in Sources */,
				2087138819D15D170035B21B /* MGYProjectDevelopmentsTableViewCell.m in Sources */,
				20CC640419C2A807007230A1 /* MGYBaseViewController.m in Sources */,
				203D636A19CAD68000116ECA /* MGYAboutMeItemGroup.m in Sources */,
				2087138519D071930035B21B /* MGYDetailsIconListView.m in Sources */,
				203D636719CAC7E800116ECA /* MGYDetailsViewController.m in Sources */,
			);
			runOnlyForDeploymentPostprocessing = 0;
		};
		2085C86919B6280D00E9FA3B /* Sources */ = {
			isa = PBXSourcesBuildPhase;
			buildActionMask = 2147483647;
			files = (
				2085C87B19B6280D00E9FA3B /* MiGongYiTests.m in Sources */,
			);
			runOnlyForDeploymentPostprocessing = 0;
		};
/* End PBXSourcesBuildPhase section */

/* Begin PBXTargetDependency section */
		2085C87319B6280D00E9FA3B /* PBXTargetDependency */ = {
			isa = PBXTargetDependency;
			target = 2085C85119B6280C00E9FA3B /* MiGongYi */;
			targetProxy = 2085C87219B6280D00E9FA3B /* PBXContainerItemProxy */;
		};
/* End PBXTargetDependency section */

/* Begin PBXVariantGroup section */
		203D636C19CB027D00116ECA /* InfoPlist.strings */ = {
			isa = PBXVariantGroup;
			children = (
				203D636D19CB027D00116ECA /* zh-Hans */,
			);
			name = InfoPlist.strings;
			sourceTree = "<group>";
		};
		203D636E19CB027D00116ECA /* Localizable.strings */ = {
			isa = PBXVariantGroup;
			children = (
				203D636F19CB027D00116ECA /* zh-Hans */,
			);
			name = Localizable.strings;
			sourceTree = "<group>";
		};
/* End PBXVariantGroup section */

/* Begin XCBuildConfiguration section */
		2085C87C19B6280D00E9FA3B /* Debug */ = {
			isa = XCBuildConfiguration;
			buildSettings = {
				ALWAYS_SEARCH_USER_PATHS = NO;
				CLANG_CXX_LANGUAGE_STANDARD = "gnu++0x";
				CLANG_CXX_LIBRARY = "libc++";
				CLANG_ENABLE_MODULES = YES;
				CLANG_ENABLE_OBJC_ARC = YES;
				CLANG_WARN_BOOL_CONVERSION = YES;
				CLANG_WARN_CONSTANT_CONVERSION = YES;
				CLANG_WARN_DIRECT_OBJC_ISA_USAGE = YES_ERROR;
				CLANG_WARN_EMPTY_BODY = YES;
				CLANG_WARN_ENUM_CONVERSION = YES;
				CLANG_WARN_INT_CONVERSION = YES;
				CLANG_WARN_OBJC_ROOT_CLASS = YES_ERROR;
				CLANG_WARN__DUPLICATE_METHOD_MATCH = YES;
				"CODE_SIGN_IDENTITY[sdk=iphoneos*]" = "iPhone Developer";
				COPY_PHASE_STRIP = NO;
				GCC_C_LANGUAGE_STANDARD = gnu99;
				GCC_DYNAMIC_NO_PIC = NO;
				GCC_OPTIMIZATION_LEVEL = 0;
				GCC_PREPROCESSOR_DEFINITIONS = (
					"DEBUG=1",
					"$(inherited)",
				);
				GCC_SYMBOLS_PRIVATE_EXTERN = NO;
				GCC_WARN_64_TO_32_BIT_CONVERSION = YES;
				GCC_WARN_ABOUT_RETURN_TYPE = YES_ERROR;
				GCC_WARN_UNDECLARED_SELECTOR = YES;
				GCC_WARN_UNINITIALIZED_AUTOS = YES_AGGRESSIVE;
				GCC_WARN_UNUSED_FUNCTION = YES;
				GCC_WARN_UNUSED_VARIABLE = YES;
				IPHONEOS_DEPLOYMENT_TARGET = 7.1;
				ONLY_ACTIVE_ARCH = YES;
				SDKROOT = iphoneos;
				TARGETED_DEVICE_FAMILY = "1,2";
			};
			name = Debug;
		};
		2085C87D19B6280D00E9FA3B /* Release */ = {
			isa = XCBuildConfiguration;
			buildSettings = {
				ALWAYS_SEARCH_USER_PATHS = NO;
				CLANG_CXX_LANGUAGE_STANDARD = "gnu++0x";
				CLANG_CXX_LIBRARY = "libc++";
				CLANG_ENABLE_MODULES = YES;
				CLANG_ENABLE_OBJC_ARC = YES;
				CLANG_WARN_BOOL_CONVERSION = YES;
				CLANG_WARN_CONSTANT_CONVERSION = YES;
				CLANG_WARN_DIRECT_OBJC_ISA_USAGE = YES_ERROR;
				CLANG_WARN_EMPTY_BODY = YES;
				CLANG_WARN_ENUM_CONVERSION = YES;
				CLANG_WARN_INT_CONVERSION = YES;
				CLANG_WARN_OBJC_ROOT_CLASS = YES_ERROR;
				CLANG_WARN__DUPLICATE_METHOD_MATCH = YES;
				"CODE_SIGN_IDENTITY[sdk=iphoneos*]" = "iPhone Developer";
				COPY_PHASE_STRIP = YES;
				ENABLE_NS_ASSERTIONS = NO;
				GCC_C_LANGUAGE_STANDARD = gnu99;
				GCC_WARN_64_TO_32_BIT_CONVERSION = YES;
				GCC_WARN_ABOUT_RETURN_TYPE = YES_ERROR;
				GCC_WARN_UNDECLARED_SELECTOR = YES;
				GCC_WARN_UNINITIALIZED_AUTOS = YES_AGGRESSIVE;
				GCC_WARN_UNUSED_FUNCTION = YES;
				GCC_WARN_UNUSED_VARIABLE = YES;
				IPHONEOS_DEPLOYMENT_TARGET = 7.1;
				SDKROOT = iphoneos;
				TARGETED_DEVICE_FAMILY = "1,2";
				VALIDATE_PRODUCT = YES;
			};
			name = Release;
		};
		2085C87F19B6280D00E9FA3B /* Debug */ = {
			isa = XCBuildConfiguration;
			baseConfigurationReference = 04CD75F1FDE84522A5B19FAD /* Pods.xcconfig */;
			buildSettings = {
				ASSETCATALOG_COMPILER_APPICON_NAME = AppIcon;
				ASSETCATALOG_COMPILER_LAUNCHIMAGE_NAME = LaunchImage;
				CODE_SIGN_IDENTITY = "iPhone Developer";
				"CODE_SIGN_IDENTITY[sdk=iphoneos*]" = "iPhone Developer";
				GCC_PRECOMPILE_PREFIX_HEADER = YES;
				GCC_PREFIX_HEADER = "MiGongYi/MiGongYi-Prefix.pch";
				INFOPLIST_FILE = "MiGongYi/MiGongYi-Info.plist";
				PRODUCT_NAME = "$(TARGET_NAME)";
				PROVISIONING_PROFILE = "";
				WRAPPER_EXTENSION = app;
			};
			name = Debug;
		};
		2085C88019B6280D00E9FA3B /* Release */ = {
			isa = XCBuildConfiguration;
			baseConfigurationReference = 04CD75F1FDE84522A5B19FAD /* Pods.xcconfig */;
			buildSettings = {
				ASSETCATALOG_COMPILER_APPICON_NAME = AppIcon;
				ASSETCATALOG_COMPILER_LAUNCHIMAGE_NAME = LaunchImage;
				CODE_SIGN_IDENTITY = "iPhone Developer";
				"CODE_SIGN_IDENTITY[sdk=iphoneos*]" = "iPhone Developer";
				GCC_PRECOMPILE_PREFIX_HEADER = YES;
				GCC_PREFIX_HEADER = "MiGongYi/MiGongYi-Prefix.pch";
				INFOPLIST_FILE = "MiGongYi/MiGongYi-Info.plist";
				PRODUCT_NAME = "$(TARGET_NAME)";
				PROVISIONING_PROFILE = "";
				WRAPPER_EXTENSION = app;
			};
			name = Release;
		};
		2085C88219B6280D00E9FA3B /* Debug */ = {
			isa = XCBuildConfiguration;
			buildSettings = {
				BUNDLE_LOADER = "$(BUILT_PRODUCTS_DIR)/MiGongYi.app/MiGongYi";
				FRAMEWORK_SEARCH_PATHS = (
					"$(SDKROOT)/Developer/Library/Frameworks",
					"$(inherited)",
					"$(DEVELOPER_FRAMEWORKS_DIR)",
				);
				GCC_PRECOMPILE_PREFIX_HEADER = YES;
				GCC_PREFIX_HEADER = "MiGongYi/MiGongYi-Prefix.pch";
				GCC_PREPROCESSOR_DEFINITIONS = (
					"DEBUG=1",
					"$(inherited)",
				);
				INFOPLIST_FILE = "MiGongYiTests/MiGongYiTests-Info.plist";
				PRODUCT_NAME = "$(TARGET_NAME)";
				TEST_HOST = "$(BUNDLE_LOADER)";
				WRAPPER_EXTENSION = xctest;
			};
			name = Debug;
		};
		2085C88319B6280D00E9FA3B /* Release */ = {
			isa = XCBuildConfiguration;
			buildSettings = {
				BUNDLE_LOADER = "$(BUILT_PRODUCTS_DIR)/MiGongYi.app/MiGongYi";
				FRAMEWORK_SEARCH_PATHS = (
					"$(SDKROOT)/Developer/Library/Frameworks",
					"$(inherited)",
					"$(DEVELOPER_FRAMEWORKS_DIR)",
				);
				GCC_PRECOMPILE_PREFIX_HEADER = YES;
				GCC_PREFIX_HEADER = "MiGongYi/MiGongYi-Prefix.pch";
				INFOPLIST_FILE = "MiGongYiTests/MiGongYiTests-Info.plist";
				PRODUCT_NAME = "$(TARGET_NAME)";
				TEST_HOST = "$(BUNDLE_LOADER)";
				WRAPPER_EXTENSION = xctest;
			};
			name = Release;
		};
/* End XCBuildConfiguration section */

/* Begin XCConfigurationList section */
		2085C84D19B6280C00E9FA3B /* Build configuration list for PBXProject "MiGongYi" */ = {
			isa = XCConfigurationList;
			buildConfigurations = (
				2085C87C19B6280D00E9FA3B /* Debug */,
				2085C87D19B6280D00E9FA3B /* Release */,
			);
			defaultConfigurationIsVisible = 0;
			defaultConfigurationName = Release;
		};
		2085C87E19B6280D00E9FA3B /* Build configuration list for PBXNativeTarget "MiGongYi" */ = {
			isa = XCConfigurationList;
			buildConfigurations = (
				2085C87F19B6280D00E9FA3B /* Debug */,
				2085C88019B6280D00E9FA3B /* Release */,
			);
			defaultConfigurationIsVisible = 0;
			defaultConfigurationName = Release;
		};
		2085C88119B6280D00E9FA3B /* Build configuration list for PBXNativeTarget "MiGongYiTests" */ = {
			isa = XCConfigurationList;
			buildConfigurations = (
				2085C88219B6280D00E9FA3B /* Debug */,
				2085C88319B6280D00E9FA3B /* Release */,
			);
			defaultConfigurationIsVisible = 0;
			defaultConfigurationName = Release;
		};
/* End XCConfigurationList section */
	};
	rootObject = 2085C84A19B6280C00E9FA3B /* Project object */;
}
